// !$*UTF8*$!
{
	archiveVersion = 1;
	classes = {
	};
	objectVersion = 55;
	objects = {

/* Begin PBXBuildFile section */
		18FA0C9A27647ECE009370CC /* AppDelegate.swift in Sources */ = {isa = PBXBuildFile; fileRef = 18FA0C9927647ECE009370CC /* AppDelegate.swift */; };
		18FA0C9C27647ECE009370CC /* SceneDelegate.swift in Sources */ = {isa = PBXBuildFile; fileRef = 18FA0C9B27647ECE009370CC /* SceneDelegate.swift */; };
		18FA0C9E27647ECE009370CC /* ViewController.swift in Sources */ = {isa = PBXBuildFile; fileRef = 18FA0C9D27647ECE009370CC /* ViewController.swift */; };
		18FA0CA127647ECE009370CC /* Main.storyboard in Resources */ = {isa = PBXBuildFile; fileRef = 18FA0C9F27647ECE009370CC /* Main.storyboard */; };
		18FA0CA327647ECE009370CC /* Assets.xcassets in Resources */ = {isa = PBXBuildFile; fileRef = 18FA0CA227647ECE009370CC /* Assets.xcassets */; };
		18FA0CA627647ECE009370CC /* LaunchScreen.storyboard in Resources */ = {isa = PBXBuildFile; fileRef = 18FA0CA427647ECE009370CC /* LaunchScreen.storyboard */; };
		18FA0CB127647ECE009370CC /* PageControlWebTests.swift in Sources */ = {isa = PBXBuildFile; fileRef = 18FA0CB027647ECE009370CC /* PageControlWebTests.swift */; };
		18FA0CBB27647ECE009370CC /* PageControlWebUITests.swift in Sources */ = {isa = PBXBuildFile; fileRef = 18FA0CBA27647ECE009370CC /* PageControlWebUITests.swift */; };
		18FA0CBD27647ECE009370CC /* PageControlWebUITestsLaunchTests.swift in Sources */ = {isa = PBXBuildFile; fileRef = 18FA0CBC27647ECE009370CC /* PageControlWebUITestsLaunchTests.swift */; };
/* End PBXBuildFile section */

/* Begin PBXContainerItemProxy section */
		18FA0CAD27647ECE009370CC /* PBXContainerItemProxy */ = {
			isa = PBXContainerItemProxy;
			containerPortal = 18FA0C8E27647ECE009370CC /* Project object */;
			proxyType = 1;
			remoteGlobalIDString = 18FA0C9527647ECE009370CC;
			remoteInfo = PageControlWeb;
		};
		18FA0CB727647ECE009370CC /* PBXContainerItemProxy */ = {
			isa = PBXContainerItemProxy;
			containerPortal = 18FA0C8E27647ECE009370CC /* Project object */;
			proxyType = 1;
			remoteGlobalIDString = 18FA0C9527647ECE009370CC;
			remoteInfo = PageControlWeb;
		};
/* End PBXContainerItemProxy section */

/* Begin PBXFileReference section */
		18FA0C9627647ECE009370CC /* PageControlWeb.app */ = {isa = PBXFileReference; explicitFileType = wrapper.application; includeInIndex = 0; path = PageControlWeb.app; sourceTree = BUILT_PRODUCTS_DIR; };
		18FA0C9927647ECE009370CC /* AppDelegate.swift */ = {isa = PBXFileReference; lastKnownFileType = sourcecode.swift; path = AppDelegate.swift; sourceTree = "<group>"; };
		18FA0C9B27647ECE009370CC /* SceneDelegate.swift */ = {isa = PBXFileReference; lastKnownFileType = sourcecode.swift; path = SceneDelegate.swift; sourceTree = "<group>"; };
		18FA0C9D27647ECE009370CC /* ViewController.swift */ = {isa = PBXFileReference; lastKnownFileType = sourcecode.swift; path = ViewController.swift; sourceTree = "<group>"; };
		18FA0CA027647ECE009370CC /* Base */ = {isa = PBXFileReference; lastKnownFileType = file.storyboard; name = Base; path = Base.lproj/Main.storyboard; sourceTree = "<group>"; };
		18FA0CA227647ECE009370CC /* Assets.xcassets */ = {isa = PBXFileReference; lastKnownFileType = folder.assetcatalog; path = Assets.xcassets; sourceTree = "<group>"; };
		18FA0CA527647ECE009370CC /* Base */ = {isa = PBXFileReference; lastKnownFileType = file.storyboard; name = Base; path = Base.lproj/LaunchScreen.storyboard; sourceTree = "<group>"; };
		18FA0CA727647ECE009370CC /* Info.plist */ = {isa = PBXFileReference; lastKnownFileType = text.plist.xml; path = Info.plist; sourceTree = "<group>"; };
		18FA0CAC27647ECE009370CC /* PageControlWebTests.xctest */ = {isa = PBXFileReference; explicitFileType = wrapper.cfbundle; includeInIndex = 0; path = PageControlWebTests.xctest; sourceTree = BUILT_PRODUCTS_DIR; };
		18FA0CB027647ECE009370CC /* PageControlWebTests.swift */ = {isa = PBXFileReference; lastKnownFileType = sourcecode.swift; path = PageControlWebTests.swift; sourceTree = "<group>"; };
		18FA0CB627647ECE009370CC /* PageControlWebUITests.xctest */ = {isa = PBXFileReference; explicitFileType = wrapper.cfbundle; includeInIndex = 0; path = PageControlWebUITests.xctest; sourceTree = BUILT_PRODUCTS_DIR; };
		18FA0CBA27647ECE009370CC /* PageControlWebUITests.swift */ = {isa = PBXFileReference; lastKnownFileType = sourcecode.swift; path = PageControlWebUITests.swift; sourceTree = "<group>"; };
		18FA0CBC27647ECE009370CC /* PageControlWebUITestsLaunchTests.swift */ = {isa = PBXFileReference; lastKnownFileType = sourcecode.swift; path = PageControlWebUITestsLaunchTests.swift; sourceTree = "<group>"; };
/* End PBXFileReference section */

/* Begin PBXFrameworksBuildPhase section */
		18FA0C9327647ECE009370CC /* Frameworks */ = {
			isa = PBXFrameworksBuildPhase;
			buildActionMask = 2147483647;
			files = (
			);
			runOnlyForDeploymentPostprocessing = 0;
		};
		18FA0CA927647ECE009370CC /* Frameworks */ = {
			isa = PBXFrameworksBuildPhase;
			buildActionMask = 2147483647;
			files = (
			);
			runOnlyForDeploymentPostprocessing = 0;
		};
		18FA0CB327647ECE009370CC /* Frameworks */ = {
			isa = PBXFrameworksBuildPhase;
			buildActionMask = 2147483647;
			files = (
			);
			runOnlyForDeploymentPostprocessing = 0;
		};
/* End PBXFrameworksBuildPhase section */

/* Begin PBXGroup section */
		18FA0C8D27647ECE009370CC = {
			isa = PBXGroup;
			children = (
				18FA0C9827647ECE009370CC /* PageControlWeb */,
				18FA0CAF27647ECE009370CC /* PageControlWebTests */,
				18FA0CB927647ECE009370CC /* PageControlWebUITests */,
				18FA0C9727647ECE009370CC /* Products */,
			);
			sourceTree = "<group>";
		};
		18FA0C9727647ECE009370CC /* Products */ = {
			isa = PBXGroup;
			children = (
				18FA0C9627647ECE009370CC /* PageControlWeb.app */,
				18FA0CAC27647ECE009370CC /* PageControlWebTests.xctest */,
				18FA0CB627647ECE009370CC /* PageControlWebUITests.xctest */,
			);
			name = Products;
			sourceTree = "<group>";
		};
		18FA0C9827647ECE009370CC /* PageControlWeb */ = {
			isa = PBXGroup;
			children = (
				18FA0C9927647ECE009370CC /* AppDelegate.swift */,
				18FA0C9B27647ECE009370CC /* SceneDelegate.swift */,
				18FA0C9D27647ECE009370CC /* ViewController.swift */,
				18FA0C9F27647ECE009370CC /* Main.storyboard */,
				18FA0CA227647ECE009370CC /* Assets.xcassets */,
				18FA0CA427647ECE009370CC /* LaunchScreen.storyboard */,
				18FA0CA727647ECE009370CC /* Info.plist */,
			);
			path = PageControlWeb;
			sourceTree = "<group>";
		};
		18FA0CAF27647ECE009370CC /* PageControlWebTests */ = {
			isa = PBXGroup;
			children = (
				18FA0CB027647ECE009370CC /* PageControlWebTests.swift */,
			);
			path = PageControlWebTests;
			sourceTree = "<group>";
		};
		18FA0CB927647ECE009370CC /* PageControlWebUITests */ = {
			isa = PBXGroup;
			children = (
				18FA0CBA27647ECE009370CC /* PageControlWebUITests.swift */,
				18FA0CBC27647ECE009370CC /* PageControlWebUITestsLaunchTests.swift */,
			);
			path = PageControlWebUITests;
			sourceTree = "<group>";
		};
/* End PBXGroup section */

/* Begin PBXNativeTarget section */
		18FA0C9527647ECE009370CC /* PageControlWeb */ = {
			isa = PBXNativeTarget;
			buildConfigurationList = 18FA0CC027647ECE009370CC /* Build configuration list for PBXNativeTarget "PageControlWeb" */;
			buildPhases = (
				18FA0C9227647ECE009370CC /* Sources */,
				18FA0C9327647ECE009370CC /* Frameworks */,
				18FA0C9427647ECE009370CC /* Resources */,
			);
			buildRules = (
			);
			dependencies = (
			);
			name = PageControlWeb;
			productName = PageControlWeb;
			productReference = 18FA0C9627647ECE009370CC /* PageControlWeb.app */;
			productType = "com.apple.product-type.application";
		};
		18FA0CAB27647ECE009370CC /* PageControlWebTests */ = {
			isa = PBXNativeTarget;
			buildConfigurationList = 18FA0CC327647ECE009370CC /* Build configuration list for PBXNativeTarget "PageControlWebTests" */;
			buildPhases = (
				18FA0CA827647ECE009370CC /* Sources */,
				18FA0CA927647ECE009370CC /* Frameworks */,
				18FA0CAA27647ECE009370CC /* Resources */,
			);
			buildRules = (
			);
			dependencies = (
				18FA0CAE27647ECE009370CC /* PBXTargetDependency */,
			);
			name = PageControlWebTests;
			productName = PageControlWebTests;
			productReference = 18FA0CAC27647ECE009370CC /* PageControlWebTests.xctest */;
			productType = "com.apple.product-type.bundle.unit-test";
		};
		18FA0CB527647ECE009370CC /* PageControlWebUITests */ = {
			isa = PBXNativeTarget;
			buildConfigurationList = 18FA0CC627647ECE009370CC /* Build configuration list for PBXNativeTarget "PageControlWebUITests" */;
			buildPhases = (
				18FA0CB227647ECE009370CC /* Sources */,
				18FA0CB327647ECE009370CC /* Frameworks */,
				18FA0CB427647ECE009370CC /* Resources */,
			);
			buildRules = (
			);
			dependencies = (
				18FA0CB827647ECE009370CC /* PBXTargetDependency */,
			);
			name = PageControlWebUITests;
			productName = PageControlWebUITests;
			productReference = 18FA0CB627647ECE009370CC /* PageControlWebUITests.xctest */;
			productType = "com.apple.product-type.bundle.ui-testing";
		};
/* End PBXNativeTarget section */

/* Begin PBXProject section */
		18FA0C8E27647ECE009370CC /* Project object */ = {
			isa = PBXProject;
			attributes = {
				BuildIndependentTargetsInParallel = 1;
				LastSwiftUpdateCheck = 1310;
				LastUpgradeCheck = 1310;
				TargetAttributes = {
					18FA0C9527647ECE009370CC = {
						CreatedOnToolsVersion = 13.1;
					};
					18FA0CAB27647ECE009370CC = {
						CreatedOnToolsVersion = 13.1;
						TestTargetID = 18FA0C9527647ECE009370CC;
					};
					18FA0CB527647ECE009370CC = {
						CreatedOnToolsVersion = 13.1;
						TestTargetID = 18FA0C9527647ECE009370CC;
					};
				};
			};
			buildConfigurationList = 18FA0C9127647ECE009370CC /* Build configuration list for PBXProject "PageControlWeb" */;
			compatibilityVersion = "Xcode 13.0";
			developmentRegion = en;
			hasScannedForEncodings = 0;
			knownRegions = (
				en,
				Base,
			);
			mainGroup = 18FA0C8D27647ECE009370CC;
			productRefGroup = 18FA0C9727647ECE009370CC /* Products */;
			projectDirPath = "";
			projectRoot = "";
			targets = (
				18FA0C9527647ECE009370CC /* PageControlWeb */,
				18FA0CAB27647ECE009370CC /* PageControlWebTests */,
				18FA0CB527647ECE009370CC /* PageControlWebUITests */,
			);
		};
/* End PBXProject section */

/* Begin PBXResourcesBuildPhase section */
		18FA0C9427647ECE009370CC /* Resources */ = {
			isa = PBXResourcesBuildPhase;
			buildActionMask = 2147483647;
			files = (
				18FA0CA627647ECE009370CC /* LaunchScreen.storyboard in Resources */,
				18FA0CA327647ECE009370CC /* Assets.xcassets in Resources */,
				18FA0CA127647ECE009370CC /* Main.storyboard in Resources */,
			);
			runOnlyForDeploymentPostprocessing = 0;
		};
		18FA0CAA27647ECE009370CC /* Resources */ = {
			isa = PBXResourcesBuildPhase;
			buildActionMask = 2147483647;
			files = (
			);
			runOnlyForDeploymentPostprocessing = 0;
		};
		18FA0CB427647ECE009370CC /* Resources */ = {
			isa = PBXResourcesBuildPhase;
			buildActionMask = 2147483647;
			files = (
			);
			runOnlyForDeploymentPostprocessing = 0;
		};
/* End PBXResourcesBuildPhase section */

/* Begin PBXSourcesBuildPhase section */
		18FA0C9227647ECE009370CC /* Sources */ = {
			isa = PBXSourcesBuildPhase;
			buildActionMask = 2147483647;
			files = (
				18FA0C9E27647ECE009370CC /* ViewController.swift in Sources */,
				18FA0C9A27647ECE009370CC /* AppDelegate.swift in Sources */,
				18FA0C9C27647ECE009370CC /* SceneDelegate.swift in Sources */,
			);
			runOnlyForDeploymentPostprocessing = 0;
		};
		18FA0CA827647ECE009370CC /* Sources */ = {
			isa = PBXSourcesBuildPhase;
			buildActionMask = 2147483647;
			files = (
				18FA0CB127647ECE009370CC /* PageControlWebTests.swift in Sources */,
			);
			runOnlyForDeploymentPostprocessing = 0;
		};
		18FA0CB227647ECE009370CC /* Sources */ = {
			isa = PBXSourcesBuildPhase;
			buildActionMask = 2147483647;
			files = (
				18FA0CBD27647ECE009370CC /* PageControlWebUITestsLaunchTests.swift in Sources */,
				18FA0CBB27647ECE009370CC /* PageControlWebUITests.swift in Sources */,
			);
			runOnlyForDeploymentPostprocessing = 0;
		};
/* End PBXSourcesBuildPhase section */

/* Begin PBXTargetDependency section */
		18FA0CAE27647ECE009370CC /* PBXTargetDependency */ = {
			isa = PBXTargetDependency;
			target = 18FA0C9527647ECE009370CC /* PageControlWeb */;
			targetProxy = 18FA0CAD27647ECE009370CC /* PBXContainerItemProxy */;
		};
		18FA0CB827647ECE009370CC /* PBXTargetDependency */ = {
			isa = PBXTargetDependency;
			target = 18FA0C9527647ECE009370CC /* PageControlWeb */;
			targetProxy = 18FA0CB727647ECE009370CC /* PBXContainerItemProxy */;
		};
/* End PBXTargetDependency section */

/* Begin PBXVariantGroup section */
		18FA0C9F27647ECE009370CC /* Main.storyboard */ = {
			isa = PBXVariantGroup;
			children = (
				18FA0CA027647ECE009370CC /* Base */,
			);
			name = Main.storyboard;
			sourceTree = "<group>";
		};
		18FA0CA427647ECE009370CC /* LaunchScreen.storyboard */ = {
			isa = PBXVariantGroup;
			children = (
				18FA0CA527647ECE009370CC /* Base */,
			);
			name = LaunchScreen.storyboard;
			sourceTree = "<group>";
		};
/* End PBXVariantGroup section */

/* Begin XCBuildConfiguration section */
		18FA0CBE27647ECE009370CC /* Debug */ = {
			isa = XCBuildConfiguration;
			buildSettings = {
				ALWAYS_SEARCH_USER_PATHS = NO;
				CLANG_ANALYZER_NONNULL = YES;
				CLANG_ANALYZER_NUMBER_OBJECT_CONVERSION = YES_AGGRESSIVE;
				CLANG_CXX_LANGUAGE_STANDARD = "gnu++17";
				CLANG_CXX_LIBRARY = "libc++";
				CLANG_ENABLE_MODULES = YES;
				CLANG_ENABLE_OBJC_ARC = YES;
				CLANG_ENABLE_OBJC_WEAK = YES;
				CLANG_WARN_BLOCK_CAPTURE_AUTORELEASING = YES;
				CLANG_WARN_BOOL_CONVERSION = YES;
				CLANG_WARN_COMMA = YES;
				CLANG_WARN_CONSTANT_CONVERSION = YES;
				CLANG_WARN_DEPRECATED_OBJC_IMPLEMENTATIONS = YES;
				CLANG_WARN_DIRECT_OBJC_ISA_USAGE = YES_ERROR;
				CLANG_WARN_DOCUMENTATION_COMMENTS = YES;
				CLANG_WARN_EMPTY_BODY = YES;
				CLANG_WARN_ENUM_CONVERSION = YES;
				CLANG_WARN_INFINITE_RECURSION = YES;
				CLANG_WARN_INT_CONVERSION = YES;
				CLANG_WARN_NON_LITERAL_NULL_CONVERSION = YES;
				CLANG_WARN_OBJC_IMPLICIT_RETAIN_SELF = YES;
				CLANG_WARN_OBJC_LITERAL_CONVERSION = YES;
				CLANG_WARN_OBJC_ROOT_CLASS = YES_ERROR;
				CLANG_WARN_QUOTED_INCLUDE_IN_FRAMEWORK_HEADER = YES;
				CLANG_WARN_RANGE_LOOP_ANALYSIS = YES;
				CLANG_WARN_STRICT_PROTOTYPES = YES;
				CLANG_WARN_SUSPICIOUS_MOVE = YES;
				CLANG_WARN_UNGUARDED_AVAILABILITY = YES_AGGRESSIVE;
				CLANG_WARN_UNREACHABLE_CODE = YES;
				CLANG_WARN__DUPLICATE_METHOD_MATCH = YES;
				COPY_PHASE_STRIP = NO;
				DEBUG_INFORMATION_FORMAT = dwarf;
				ENABLE_STRICT_OBJC_MSGSEND = YES;
				ENABLE_TESTABILITY = YES;
				GCC_C_LANGUAGE_STANDARD = gnu11;
				GCC_DYNAMIC_NO_PIC = NO;
				GCC_NO_COMMON_BLOCKS = YES;
				GCC_OPTIMIZATION_LEVEL = 0;
				GCC_PREPROCESSOR_DEFINITIONS = (
					"DEBUG=1",
					"$(inherited)",
				);
				GCC_WARN_64_TO_32_BIT_CONVERSION = YES;
				GCC_WARN_ABOUT_RETURN_TYPE = YES_ERROR;
				GCC_WARN_UNDECLARED_SELECTOR = YES;
				GCC_WARN_UNINITIALIZED_AUTOS = YES_AGGRESSIVE;
				GCC_WARN_UNUSED_FUNCTION = YES;
				GCC_WARN_UNUSED_VARIABLE = YES;
				IPHONEOS_DEPLOYMENT_TARGET = 15.0;
				MTL_ENABLE_DEBUG_INFO = INCLUDE_SOURCE;
				MTL_FAST_MATH = YES;
				ONLY_ACTIVE_ARCH = YES;
				SDKROOT = iphoneos;
				SWIFT_ACTIVE_COMPILATION_CONDITIONS = DEBUG;
				SWIFT_OPTIMIZATION_LEVEL = "-Onone";
			};
			name = Debug;
		};
		18FA0CBF27647ECE009370CC /* Release */ = {
			isa = XCBuildConfiguration;
			buildSettings = {
				ALWAYS_SEARCH_USER_PATHS = NO;
				CLANG_ANALYZER_NONNULL = YES;
				CLANG_ANALYZER_NUMBER_OBJECT_CONVERSION = YES_AGGRESSIVE;
				CLANG_CXX_LANGUAGE_STANDARD = "gnu++17";
				CLANG_CXX_LIBRARY = "libc++";
				CLANG_ENABLE_MODULES = YES;
				CLANG_ENABLE_OBJC_ARC = YES;
				CLANG_ENABLE_OBJC_WEAK = YES;
				CLANG_WARN_BLOCK_CAPTURE_AUTORELEASING = YES;
				CLANG_WARN_BOOL_CONVERSION = YES;
				CLANG_WARN_COMMA = YES;
				CLANG_WARN_CONSTANT_CONVERSION = YES;
				CLANG_WARN_DEPRECATED_OBJC_IMPLEMENTATIONS = YES;
				CLANG_WARN_DIRECT_OBJC_ISA_USAGE = YES_ERROR;
				CLANG_WARN_DOCUMENTATION_COMMENTS = YES;
				CLANG_WARN_EMPTY_BODY = YES;
				CLANG_WARN_ENUM_CONVERSION = YES;
				CLANG_WARN_INFINITE_RECURSION = YES;
				CLANG_WARN_INT_CONVERSION = YES;
				CLANG_WARN_NON_LITERAL_NULL_CONVERSION = YES;
				CLANG_WARN_OBJC_IMPLICIT_RETAIN_SELF = YES;
				CLANG_WARN_OBJC_LITERAL_CONVERSION = YES;
				CLANG_WARN_OBJC_ROOT_CLASS = YES_ERROR;
				CLANG_WARN_QUOTED_INCLUDE_IN_FRAMEWORK_HEADER = YES;
				CLANG_WARN_RANGE_LOOP_ANALYSIS = YES;
				CLANG_WARN_STRICT_PROTOTYPES = YES;
				CLANG_WARN_SUSPICIOUS_MOVE = YES;
				CLANG_WARN_UNGUARDED_AVAILABILITY = YES_AGGRESSIVE;
				CLANG_WARN_UNREACHABLE_CODE = YES;
				CLANG_WARN__DUPLICATE_METHOD_MATCH = YES;
				COPY_PHASE_STRIP = NO;
				DEBUG_INFORMATION_FORMAT = "dwarf-with-dsym";
				ENABLE_NS_ASSERTIONS = NO;
				ENABLE_STRICT_OBJC_MSGSEND = YES;
				GCC_C_LANGUAGE_STANDARD = gnu11;
				GCC_NO_COMMON_BLOCKS = YES;
				GCC_WARN_64_TO_32_BIT_CONVERSION = YES;
				GCC_WARN_ABOUT_RETURN_TYPE = YES_ERROR;
				GCC_WARN_UNDECLARED_SELECTOR = YES;
				GCC_WARN_UNINITIALIZED_AUTOS = YES_AGGRESSIVE;
				GCC_WARN_UNUSED_FUNCTION = YES;
				GCC_WARN_UNUSED_VARIABLE = YES;
				IPHONEOS_DEPLOYMENT_TARGET = 15.0;
				MTL_ENABLE_DEBUG_INFO = NO;
				MTL_FAST_MATH = YES;
				SDKROOT = iphoneos;
				SWIFT_COMPILATION_MODE = wholemodule;
				SWIFT_OPTIMIZATION_LEVEL = "-O";
				VALIDATE_PRODUCT = YES;
			};
			name = Release;
		};
		18FA0CC127647ECE009370CC /* Debug */ = {
			isa = XCBuildConfiguration;
			buildSettings = {
				ASSETCATALOG_COMPILER_APPICON_NAME = AppIcon;
				ASSETCATALOG_COMPILER_GLOBAL_ACCENT_COLOR_NAME = AccentColor;
				CODE_SIGN_STYLE = Automatic;
				CURRENT_PROJECT_VERSION = 1;
				GENERATE_INFOPLIST_FILE = YES;
				INFOPLIST_FILE = PageControlWeb/Info.plist;
				INFOPLIST_KEY_UIApplicationSupportsIndirectInputEvents = YES;
				INFOPLIST_KEY_UILaunchStoryboardName = LaunchScreen;
				INFOPLIST_KEY_UIMainStoryboardFile = Main;
				INFOPLIST_KEY_UISupportedInterfaceOrientations_iPad = "UIInterfaceOrientationPortrait UIInterfaceOrientationPortraitUpsideDown UIInterfaceOrientationLandscapeLeft UIInterfaceOrientationLandscapeRight";
				INFOPLIST_KEY_UISupportedInterfaceOrientations_iPhone = "UIInterfaceOrientationPortrait UIInterfaceOrientationLandscapeLeft UIInterfaceOrientationLandscapeRight";
				LD_RUNPATH_SEARCH_PATHS = (
					"$(inherited)",
					"@executable_path/Frameworks",
				);
				MARKETING_VERSION = 1.0;
				PRODUCT_BUNDLE_IDENTIFIER = eunchan.PageControlWeb;
				PRODUCT_NAME = "$(TARGET_NAME)";
				SWIFT_EMIT_LOC_STRINGS = YES;
				SWIFT_VERSION = 5.0;
				TARGETED_DEVICE_FAMILY = "1,2";
			};
			name = Debug;
		};
		18FA0CC227647ECE009370CC /* Release */ = {
			isa = XCBuildConfiguration;
			buildSettings = {
				ASSETCATALOG_COMPILER_APPICON_NAME = AppIcon;
				ASSETCATALOG_COMPILER_GLOBAL_ACCENT_COLOR_NAME = AccentColor;
				CODE_SIGN_STYLE = Automatic;
				CURRENT_PROJECT_VERSION = 1;
				GENERATE_INFOPLIST_FILE = YES;
				INFOPLIST_FILE = PageControlWeb/Info.plist;
				INFOPLIST_KEY_UIApplicationSupportsIndirectInputEvents = YES;
				INFOPLIST_KEY_UILaunchStoryboardName = LaunchScreen;
				INFOPLIST_KEY_UIMainStoryboardFile = Main;
				INFOPLIST_KEY_UISupportedInterfaceOrientations_iPad = "UIInterfaceOrientationPortrait UIInterfaceOrientationPortraitUpsideDown UIInterfaceOrientationLandscapeLeft UIInterfaceOrientationLandscapeRight";
				INFOPLIST_KEY_UISupportedInterfaceOrientations_iPhone = "UIInterfaceOrientationPortrait UIInterfaceOrientationLandscapeLeft UIInterfaceOrientationLandscapeRight";
				LD_RUNPATH_SEARCH_PATHS = (
					"$(inherited)",
					"@executable_path/Frameworks",
				);
				MARKETING_VERSION = 1.0;
				PRODUCT_BUNDLE_IDENTIFIER = eunchan.PageControlWeb;
				PRODUCT_NAME = "$(TARGET_NAME)";
				SWIFT_EMIT_LOC_STRINGS = YES;
				SWIFT_VERSION = 5.0;
				TARGETED_DEVICE_FAMILY = "1,2";
			};
			name = Release;
		};
		18FA0CC427647ECE009370CC /* Debug */ = {
			isa = XCBuildConfiguration;
			buildSettings = {
				ALWAYS_EMBED_SWIFT_STANDARD_LIBRARIES = YES;
				BUNDLE_LOADER = "$(TEST_HOST)";
				CODE_SIGN_STYLE = Automatic;
				CURRENT_PROJECT_VERSION = 1;
				GENERATE_INFOPLIST_FILE = YES;
				IPHONEOS_DEPLOYMENT_TARGET = 15.0;
				LD_RUNPATH_SEARCH_PATHS = (
					"$(inherited)",
					"@executable_path/Frameworks",
					"@loader_path/Frameworks",
				);
				MARKETING_VERSION = 1.0;
				PRODUCT_BUNDLE_IDENTIFIER = eunchan.PageControlWebTests;
				PRODUCT_NAME = "$(TARGET_NAME)";
				SWIFT_EMIT_LOC_STRINGS = NO;
				SWIFT_VERSION = 5.0;
				TARGETED_DEVICE_FAMILY = "1,2";
				TEST_HOST = "$(BUILT_PRODUCTS_DIR)/PageControlWeb.app/PageControlWeb";
			};
			name = Debug;
		};
		18FA0CC527647ECE009370CC /* Release */ = {
			isa = XCBuildConfiguration;
			buildSettings = {
				ALWAYS_EMBED_SWIFT_STANDARD_LIBRARIES = YES;
				BUNDLE_LOADER = "$(TEST_HOST)";
				CODE_SIGN_STYLE = Automatic;
				CURRENT_PROJECT_VERSION = 1;
				GENERATE_INFOPLIST_FILE = YES;
				IPHONEOS_DEPLOYMENT_TARGET = 15.0;
				LD_RUNPATH_SEARCH_PATHS = (
					"$(inherited)",
					"@executable_path/Frameworks",
					"@loader_path/Frameworks",
				);
				MARKETING_VERSION = 1.0;
				PRODUCT_BUNDLE_IDENTIFIER = eunchan.PageControlWebTests;
				PRODUCT_NAME = "$(TARGET_NAME)";
				SWIFT_EMIT_LOC_STRINGS = NO;
				SWIFT_VERSION = 5.0;
				TARGETED_DEVICE_FAMILY = "1,2";
				TEST_HOST = "$(BUILT_PRODUCTS_DIR)/PageControlWeb.app/PageControlWeb";
			};
			name = Release;
		};
		18FA0CC727647ECE009370CC /* Debug */ = {
			isa = XCBuildConfiguration;
			buildSettings = {
				ALWAYS_EMBED_SWIFT_STANDARD_LIBRARIES = YES;
				CODE_SIGN_STYLE = Automatic;
				CURRENT_PROJECT_VERSION = 1;
				GENERATE_INFOPLIST_FILE = YES;
				LD_RUNPATH_SEARCH_PATHS = (
					"$(inherited)",
					"@executable_path/Frameworks",
					"@loader_path/Frameworks",
				);
				MARKETING_VERSION = 1.0;
				PRODUCT_BUNDLE_IDENTIFIER = eunchan.PageControlWebUITests;
				PRODUCT_NAME = "$(TARGET_NAME)";
				SWIFT_EMIT_LOC_STRINGS = NO;
				SWIFT_VERSION = 5.0;
				TARGETED_DEVICE_FAMILY = "1,2";
				TEST_TARGET_NAME = PageControlWeb;
			};
			name = Debug;
		};
		18FA0CC827647ECE009370CC /* Release */ = {
			isa = XCBuildConfiguration;
			buildSettings = {
				ALWAYS_EMBED_SWIFT_STANDARD_LIBRARIES = YES;
				CODE_SIGN_STYLE = Automatic;
				CURRENT_PROJECT_VERSION = 1;
				GENERATE_INFOPLIST_FILE = YES;
				LD_RUNPATH_SEARCH_PATHS = (
					"$(inherited)",
					"@executable_path/Frameworks",
					"@loader_path/Frameworks",
				);
				MARKETING_VERSION = 1.0;
				PRODUCT_BUNDLE_IDENTIFIER = eunchan.PageControlWebUITests;
				PRODUCT_NAME = "$(TARGET_NAME)";
				SWIFT_EMIT_LOC_STRINGS = NO;
				SWIFT_VERSION = 5.0;
				TARGETED_DEVICE_FAMILY = "1,2";
				TEST_TARGET_NAME = PageControlWeb;
			};
			name = Release;
		};
/* End XCBuildConfiguration section */

/* Begin XCConfigurationList section */
		18FA0C9127647ECE009370CC /* Build configuration list for PBXProject "PageControlWeb" */ = {
			isa = XCConfigurationList;
			buildConfigurations = (
				18FA0CBE27647ECE009370CC /* Debug */,
				18FA0CBF27647ECE009370CC /* Release */,
			);
			defaultConfigurationIsVisible = 0;
			defaultConfigurationName = Release;
		};
		18FA0CC027647ECE009370CC /* Build configuration list for PBXNativeTarget "PageControlWeb" */ = {
			isa = XCConfigurationList;
			buildConfigurations = (
				18FA0CC127647ECE009370CC /* Debug */,
				18FA0CC227647ECE009370CC /* Release */,
			);
			defaultConfigurationIsVisible = 0;
			defaultConfigurationName = Release;
		};
		18FA0CC327647ECE009370CC /* Build configuration list for PBXNativeTarget "PageControlWebTests" */ = {
			isa = XCConfigurationList;
			buildConfigurations = (
				18FA0CC427647ECE009370CC /* Debug */,
				18FA0CC527647ECE009370CC /* Release */,
			);
			defaultConfigurationIsVisible = 0;
			defaultConfigurationName = Release;
		};
		18FA0CC627647ECE009370CC /* Build configuration list for PBXNativeTarget "PageControlWebUITests" */ = {
			isa = XCConfigurationList;
			buildConfigurations = (
				18FA0CC727647ECE009370CC /* Debug */,
				18FA0CC827647ECE009370CC /* Release */,
			);
			defaultConfigurationIsVisible = 0;
			defaultConfigurationName = Release;
		};
/* End XCConfigurationList section */
	};
	rootObject = 18FA0C8E27647ECE009370CC /* Project object */;
}
