// !$*UTF8*$!
{
	archiveVersion = 1;
	classes = {
	};
	objectVersion = 55;
	objects = {

/* Begin PBXBuildFile section */
		186F2989275C55E4001F8828 /* AppDelegate.swift in Sources */ = {isa = PBXBuildFile; fileRef = 186F2988275C55E4001F8828 /* AppDelegate.swift */; };
		186F298B275C55E4001F8828 /* SceneDelegate.swift in Sources */ = {isa = PBXBuildFile; fileRef = 186F298A275C55E4001F8828 /* SceneDelegate.swift */; };
		186F298D275C55E4001F8828 /* ViewController.swift in Sources */ = {isa = PBXBuildFile; fileRef = 186F298C275C55E4001F8828 /* ViewController.swift */; };
		186F2990275C55E4001F8828 /* Main.storyboard in Resources */ = {isa = PBXBuildFile; fileRef = 186F298E275C55E4001F8828 /* Main.storyboard */; };
		186F2992275C55E4001F8828 /* Assets.xcassets in Resources */ = {isa = PBXBuildFile; fileRef = 186F2991275C55E4001F8828 /* Assets.xcassets */; };
		186F2995275C55E4001F8828 /* LaunchScreen.storyboard in Resources */ = {isa = PBXBuildFile; fileRef = 186F2993275C55E4001F8828 /* LaunchScreen.storyboard */; };
		186F29A0275C55E4001F8828 /* Quiz12Tests.swift in Sources */ = {isa = PBXBuildFile; fileRef = 186F299F275C55E4001F8828 /* Quiz12Tests.swift */; };
		186F29AA275C55E4001F8828 /* Quiz12UITests.swift in Sources */ = {isa = PBXBuildFile; fileRef = 186F29A9275C55E4001F8828 /* Quiz12UITests.swift */; };
		186F29AC275C55E4001F8828 /* Quiz12UITestsLaunchTests.swift in Sources */ = {isa = PBXBuildFile; fileRef = 186F29AB275C55E4001F8828 /* Quiz12UITestsLaunchTests.swift */; };
/* End PBXBuildFile section */

/* Begin PBXContainerItemProxy section */
		186F299C275C55E4001F8828 /* PBXContainerItemProxy */ = {
			isa = PBXContainerItemProxy;
			containerPortal = 186F297D275C55E3001F8828 /* Project object */;
			proxyType = 1;
			remoteGlobalIDString = 186F2984275C55E3001F8828;
			remoteInfo = Quiz12;
		};
		186F29A6275C55E4001F8828 /* PBXContainerItemProxy */ = {
			isa = PBXContainerItemProxy;
			containerPortal = 186F297D275C55E3001F8828 /* Project object */;
			proxyType = 1;
			remoteGlobalIDString = 186F2984275C55E3001F8828;
			remoteInfo = Quiz12;
		};
/* End PBXContainerItemProxy section */

/* Begin PBXFileReference section */
		186F2985275C55E4001F8828 /* Quiz12.app */ = {isa = PBXFileReference; explicitFileType = wrapper.application; includeInIndex = 0; path = Quiz12.app; sourceTree = BUILT_PRODUCTS_DIR; };
		186F2988275C55E4001F8828 /* AppDelegate.swift */ = {isa = PBXFileReference; lastKnownFileType = sourcecode.swift; path = AppDelegate.swift; sourceTree = "<group>"; };
		186F298A275C55E4001F8828 /* SceneDelegate.swift */ = {isa = PBXFileReference; lastKnownFileType = sourcecode.swift; path = SceneDelegate.swift; sourceTree = "<group>"; };
		186F298C275C55E4001F8828 /* ViewController.swift */ = {isa = PBXFileReference; lastKnownFileType = sourcecode.swift; path = ViewController.swift; sourceTree = "<group>"; };
		186F298F275C55E4001F8828 /* Base */ = {isa = PBXFileReference; lastKnownFileType = file.storyboard; name = Base; path = Base.lproj/Main.storyboard; sourceTree = "<group>"; };
		186F2991275C55E4001F8828 /* Assets.xcassets */ = {isa = PBXFileReference; lastKnownFileType = folder.assetcatalog; path = Assets.xcassets; sourceTree = "<group>"; };
		186F2994275C55E4001F8828 /* Base */ = {isa = PBXFileReference; lastKnownFileType = file.storyboard; name = Base; path = Base.lproj/LaunchScreen.storyboard; sourceTree = "<group>"; };
		186F2996275C55E4001F8828 /* Info.plist */ = {isa = PBXFileReference; lastKnownFileType = text.plist.xml; path = Info.plist; sourceTree = "<group>"; };
		186F299B275C55E4001F8828 /* Quiz12Tests.xctest */ = {isa = PBXFileReference; explicitFileType = wrapper.cfbundle; includeInIndex = 0; path = Quiz12Tests.xctest; sourceTree = BUILT_PRODUCTS_DIR; };
		186F299F275C55E4001F8828 /* Quiz12Tests.swift */ = {isa = PBXFileReference; lastKnownFileType = sourcecode.swift; path = Quiz12Tests.swift; sourceTree = "<group>"; };
		186F29A5275C55E4001F8828 /* Quiz12UITests.xctest */ = {isa = PBXFileReference; explicitFileType = wrapper.cfbundle; includeInIndex = 0; path = Quiz12UITests.xctest; sourceTree = BUILT_PRODUCTS_DIR; };
		186F29A9275C55E4001F8828 /* Quiz12UITests.swift */ = {isa = PBXFileReference; lastKnownFileType = sourcecode.swift; path = Quiz12UITests.swift; sourceTree = "<group>"; };
		186F29AB275C55E4001F8828 /* Quiz12UITestsLaunchTests.swift */ = {isa = PBXFileReference; lastKnownFileType = sourcecode.swift; path = Quiz12UITestsLaunchTests.swift; sourceTree = "<group>"; };
/* End PBXFileReference section */

/* Begin PBXFrameworksBuildPhase section */
		186F2982275C55E3001F8828 /* Frameworks */ = {
			isa = PBXFrameworksBuildPhase;
			buildActionMask = 2147483647;
			files = (
			);
			runOnlyForDeploymentPostprocessing = 0;
		};
		186F2998275C55E4001F8828 /* Frameworks */ = {
			isa = PBXFrameworksBuildPhase;
			buildActionMask = 2147483647;
			files = (
			);
			runOnlyForDeploymentPostprocessing = 0;
		};
		186F29A2275C55E4001F8828 /* Frameworks */ = {
			isa = PBXFrameworksBuildPhase;
			buildActionMask = 2147483647;
			files = (
			);
			runOnlyForDeploymentPostprocessing = 0;
		};
/* End PBXFrameworksBuildPhase section */

/* Begin PBXGroup section */
		186F297C275C55E3001F8828 = {
			isa = PBXGroup;
			children = (
				186F2987275C55E4001F8828 /* Quiz12 */,
				186F299E275C55E4001F8828 /* Quiz12Tests */,
				186F29A8275C55E4001F8828 /* Quiz12UITests */,
				186F2986275C55E4001F8828 /* Products */,
			);
			sourceTree = "<group>";
		};
		186F2986275C55E4001F8828 /* Products */ = {
			isa = PBXGroup;
			children = (
				186F2985275C55E4001F8828 /* Quiz12.app */,
				186F299B275C55E4001F8828 /* Quiz12Tests.xctest */,
				186F29A5275C55E4001F8828 /* Quiz12UITests.xctest */,
			);
			name = Products;
			sourceTree = "<group>";
		};
		186F2987275C55E4001F8828 /* Quiz12 */ = {
			isa = PBXGroup;
			children = (
				186F2988275C55E4001F8828 /* AppDelegate.swift */,
				186F298A275C55E4001F8828 /* SceneDelegate.swift */,
				186F298C275C55E4001F8828 /* ViewController.swift */,
				186F298E275C55E4001F8828 /* Main.storyboard */,
				186F2991275C55E4001F8828 /* Assets.xcassets */,
				186F2993275C55E4001F8828 /* LaunchScreen.storyboard */,
				186F2996275C55E4001F8828 /* Info.plist */,
			);
			path = Quiz12;
			sourceTree = "<group>";
		};
		186F299E275C55E4001F8828 /* Quiz12Tests */ = {
			isa = PBXGroup;
			children = (
				186F299F275C55E4001F8828 /* Quiz12Tests.swift */,
			);
			path = Quiz12Tests;
			sourceTree = "<group>";
		};
		186F29A8275C55E4001F8828 /* Quiz12UITests */ = {
			isa = PBXGroup;
			children = (
				186F29A9275C55E4001F8828 /* Quiz12UITests.swift */,
				186F29AB275C55E4001F8828 /* Quiz12UITestsLaunchTests.swift */,
			);
			path = Quiz12UITests;
			sourceTree = "<group>";
		};
/* End PBXGroup section */

/* Begin PBXNativeTarget section */
		186F2984275C55E3001F8828 /* Quiz12 */ = {
			isa = PBXNativeTarget;
			buildConfigurationList = 186F29AF275C55E4001F8828 /* Build configuration list for PBXNativeTarget "Quiz12" */;
			buildPhases = (
				186F2981275C55E3001F8828 /* Sources */,
				186F2982275C55E3001F8828 /* Frameworks */,
				186F2983275C55E3001F8828 /* Resources */,
			);
			buildRules = (
			);
			dependencies = (
			);
			name = Quiz12;
			productName = Quiz12;
			productReference = 186F2985275C55E4001F8828 /* Quiz12.app */;
			productType = "com.apple.product-type.application";
		};
		186F299A275C55E4001F8828 /* Quiz12Tests */ = {
			isa = PBXNativeTarget;
			buildConfigurationList = 186F29B2275C55E4001F8828 /* Build configuration list for PBXNativeTarget "Quiz12Tests" */;
			buildPhases = (
				186F2997275C55E4001F8828 /* Sources */,
				186F2998275C55E4001F8828 /* Frameworks */,
				186F2999275C55E4001F8828 /* Resources */,
			);
			buildRules = (
			);
			dependencies = (
				186F299D275C55E4001F8828 /* PBXTargetDependency */,
			);
			name = Quiz12Tests;
			productName = Quiz12Tests;
			productReference = 186F299B275C55E4001F8828 /* Quiz12Tests.xctest */;
			productType = "com.apple.product-type.bundle.unit-test";
		};
		186F29A4275C55E4001F8828 /* Quiz12UITests */ = {
			isa = PBXNativeTarget;
			buildConfigurationList = 186F29B5275C55E4001F8828 /* Build configuration list for PBXNativeTarget "Quiz12UITests" */;
			buildPhases = (
				186F29A1275C55E4001F8828 /* Sources */,
				186F29A2275C55E4001F8828 /* Frameworks */,
				186F29A3275C55E4001F8828 /* Resources */,
			);
			buildRules = (
			);
			dependencies = (
				186F29A7275C55E4001F8828 /* PBXTargetDependency */,
			);
			name = Quiz12UITests;
			productName = Quiz12UITests;
			productReference = 186F29A5275C55E4001F8828 /* Quiz12UITests.xctest */;
			productType = "com.apple.product-type.bundle.ui-testing";
		};
/* End PBXNativeTarget section */

/* Begin PBXProject section */
		186F297D275C55E3001F8828 /* Project object */ = {
			isa = PBXProject;
			attributes = {
				BuildIndependentTargetsInParallel = 1;
				LastSwiftUpdateCheck = 1310;
				LastUpgradeCheck = 1310;
				TargetAttributes = {
					186F2984275C55E3001F8828 = {
						CreatedOnToolsVersion = 13.1;
					};
					186F299A275C55E4001F8828 = {
						CreatedOnToolsVersion = 13.1;
						TestTargetID = 186F2984275C55E3001F8828;
					};
					186F29A4275C55E4001F8828 = {
						CreatedOnToolsVersion = 13.1;
						TestTargetID = 186F2984275C55E3001F8828;
					};
				};
			};
			buildConfigurationList = 186F2980275C55E3001F8828 /* Build configuration list for PBXProject "Quiz12" */;
			compatibilityVersion = "Xcode 13.0";
			developmentRegion = en;
			hasScannedForEncodings = 0;
			knownRegions = (
				en,
				Base,
			);
			mainGroup = 186F297C275C55E3001F8828;
			productRefGroup = 186F2986275C55E4001F8828 /* Products */;
			projectDirPath = "";
			projectRoot = "";
			targets = (
				186F2984275C55E3001F8828 /* Quiz12 */,
				186F299A275C55E4001F8828 /* Quiz12Tests */,
				186F29A4275C55E4001F8828 /* Quiz12UITests */,
			);
		};
/* End PBXProject section */

/* Begin PBXResourcesBuildPhase section */
		186F2983275C55E3001F8828 /* Resources */ = {
			isa = PBXResourcesBuildPhase;
			buildActionMask = 2147483647;
			files = (
				186F2995275C55E4001F8828 /* LaunchScreen.storyboard in Resources */,
				186F2992275C55E4001F8828 /* Assets.xcassets in Resources */,
				186F2990275C55E4001F8828 /* Main.storyboard in Resources */,
			);
			runOnlyForDeploymentPostprocessing = 0;
		};
		186F2999275C55E4001F8828 /* Resources */ = {
			isa = PBXResourcesBuildPhase;
			buildActionMask = 2147483647;
			files = (
			);
			runOnlyForDeploymentPostprocessing = 0;
		};
		186F29A3275C55E4001F8828 /* Resources */ = {
			isa = PBXResourcesBuildPhase;
			buildActionMask = 2147483647;
			files = (
			);
			runOnlyForDeploymentPostprocessing = 0;
		};
/* End PBXResourcesBuildPhase section */

/* Begin PBXSourcesBuildPhase section */
		186F2981275C55E3001F8828 /* Sources */ = {
			isa = PBXSourcesBuildPhase;
			buildActionMask = 2147483647;
			files = (
				186F298D275C55E4001F8828 /* ViewController.swift in Sources */,
				186F2989275C55E4001F8828 /* AppDelegate.swift in Sources */,
				186F298B275C55E4001F8828 /* SceneDelegate.swift in Sources */,
			);
			runOnlyForDeploymentPostprocessing = 0;
		};
		186F2997275C55E4001F8828 /* Sources */ = {
			isa = PBXSourcesBuildPhase;
			buildActionMask = 2147483647;
			files = (
				186F29A0275C55E4001F8828 /* Quiz12Tests.swift in Sources */,
			);
			runOnlyForDeploymentPostprocessing = 0;
		};
		186F29A1275C55E4001F8828 /* Sources */ = {
			isa = PBXSourcesBuildPhase;
			buildActionMask = 2147483647;
			files = (
				186F29AC275C55E4001F8828 /* Quiz12UITestsLaunchTests.swift in Sources */,
				186F29AA275C55E4001F8828 /* Quiz12UITests.swift in Sources */,
			);
			runOnlyForDeploymentPostprocessing = 0;
		};
/* End PBXSourcesBuildPhase section */

/* Begin PBXTargetDependency section */
		186F299D275C55E4001F8828 /* PBXTargetDependency */ = {
			isa = PBXTargetDependency;
			target = 186F2984275C55E3001F8828 /* Quiz12 */;
			targetProxy = 186F299C275C55E4001F8828 /* PBXContainerItemProxy */;
		};
		186F29A7275C55E4001F8828 /* PBXTargetDependency */ = {
			isa = PBXTargetDependency;
			target = 186F2984275C55E3001F8828 /* Quiz12 */;
			targetProxy = 186F29A6275C55E4001F8828 /* PBXContainerItemProxy */;
		};
/* End PBXTargetDependency section */

/* Begin PBXVariantGroup section */
		186F298E275C55E4001F8828 /* Main.storyboard */ = {
			isa = PBXVariantGroup;
			children = (
				186F298F275C55E4001F8828 /* Base */,
			);
			name = Main.storyboard;
			sourceTree = "<group>";
		};
		186F2993275C55E4001F8828 /* LaunchScreen.storyboard */ = {
			isa = PBXVariantGroup;
			children = (
				186F2994275C55E4001F8828 /* Base */,
			);
			name = LaunchScreen.storyboard;
			sourceTree = "<group>";
		};
/* End PBXVariantGroup section */

/* Begin XCBuildConfiguration section */
		186F29AD275C55E4001F8828 /* Debug */ = {
			isa = XCBuildConfiguration;
			buildSettings = {
				ALWAYS_SEARCH_USER_PATHS = NO;
				CLANG_ANALYZER_NONNULL = YES;
				CLANG_ANALYZER_NUMBER_OBJECT_CONVERSION = YES_AGGRESSIVE;
				CLANG_CXX_LANGUAGE_STANDARD = "gnu++17";
				CLANG_CXX_LIBRARY = "libc++";
				CLANG_ENABLE_MODULES = YES;
				CLANG_ENABLE_OBJC_ARC = YES;
				CLANG_ENABLE_OBJC_WEAK = YES;
				CLANG_WARN_BLOCK_CAPTURE_AUTORELEASING = YES;
				CLANG_WARN_BOOL_CONVERSION = YES;
				CLANG_WARN_COMMA = YES;
				CLANG_WARN_CONSTANT_CONVERSION = YES;
				CLANG_WARN_DEPRECATED_OBJC_IMPLEMENTATIONS = YES;
				CLANG_WARN_DIRECT_OBJC_ISA_USAGE = YES_ERROR;
				CLANG_WARN_DOCUMENTATION_COMMENTS = YES;
				CLANG_WARN_EMPTY_BODY = YES;
				CLANG_WARN_ENUM_CONVERSION = YES;
				CLANG_WARN_INFINITE_RECURSION = YES;
				CLANG_WARN_INT_CONVERSION = YES;
				CLANG_WARN_NON_LITERAL_NULL_CONVERSION = YES;
				CLANG_WARN_OBJC_IMPLICIT_RETAIN_SELF = YES;
				CLANG_WARN_OBJC_LITERAL_CONVERSION = YES;
				CLANG_WARN_OBJC_ROOT_CLASS = YES_ERROR;
				CLANG_WARN_QUOTED_INCLUDE_IN_FRAMEWORK_HEADER = YES;
				CLANG_WARN_RANGE_LOOP_ANALYSIS = YES;
				CLANG_WARN_STRICT_PROTOTYPES = YES;
				CLANG_WARN_SUSPICIOUS_MOVE = YES;
				CLANG_WARN_UNGUARDED_AVAILABILITY = YES_AGGRESSIVE;
				CLANG_WARN_UNREACHABLE_CODE = YES;
				CLANG_WARN__DUPLICATE_METHOD_MATCH = YES;
				COPY_PHASE_STRIP = NO;
				DEBUG_INFORMATION_FORMAT = dwarf;
				ENABLE_STRICT_OBJC_MSGSEND = YES;
				ENABLE_TESTABILITY = YES;
				GCC_C_LANGUAGE_STANDARD = gnu11;
				GCC_DYNAMIC_NO_PIC = NO;
				GCC_NO_COMMON_BLOCKS = YES;
				GCC_OPTIMIZATION_LEVEL = 0;
				GCC_PREPROCESSOR_DEFINITIONS = (
					"DEBUG=1",
					"$(inherited)",
				);
				GCC_WARN_64_TO_32_BIT_CONVERSION = YES;
				GCC_WARN_ABOUT_RETURN_TYPE = YES_ERROR;
				GCC_WARN_UNDECLARED_SELECTOR = YES;
				GCC_WARN_UNINITIALIZED_AUTOS = YES_AGGRESSIVE;
				GCC_WARN_UNUSED_FUNCTION = YES;
				GCC_WARN_UNUSED_VARIABLE = YES;
				IPHONEOS_DEPLOYMENT_TARGET = 15.0;
				MTL_ENABLE_DEBUG_INFO = INCLUDE_SOURCE;
				MTL_FAST_MATH = YES;
				ONLY_ACTIVE_ARCH = YES;
				SDKROOT = iphoneos;
				SWIFT_ACTIVE_COMPILATION_CONDITIONS = DEBUG;
				SWIFT_OPTIMIZATION_LEVEL = "-Onone";
			};
			name = Debug;
		};
		186F29AE275C55E4001F8828 /* Release */ = {
			isa = XCBuildConfiguration;
			buildSettings = {
				ALWAYS_SEARCH_USER_PATHS = NO;
				CLANG_ANALYZER_NONNULL = YES;
				CLANG_ANALYZER_NUMBER_OBJECT_CONVERSION = YES_AGGRESSIVE;
				CLANG_CXX_LANGUAGE_STANDARD = "gnu++17";
				CLANG_CXX_LIBRARY = "libc++";
				CLANG_ENABLE_MODULES = YES;
				CLANG_ENABLE_OBJC_ARC = YES;
				CLANG_ENABLE_OBJC_WEAK = YES;
				CLANG_WARN_BLOCK_CAPTURE_AUTORELEASING = YES;
				CLANG_WARN_BOOL_CONVERSION = YES;
				CLANG_WARN_COMMA = YES;
				CLANG_WARN_CONSTANT_CONVERSION = YES;
				CLANG_WARN_DEPRECATED_OBJC_IMPLEMENTATIONS = YES;
				CLANG_WARN_DIRECT_OBJC_ISA_USAGE = YES_ERROR;
				CLANG_WARN_DOCUMENTATION_COMMENTS = YES;
				CLANG_WARN_EMPTY_BODY = YES;
				CLANG_WARN_ENUM_CONVERSION = YES;
				CLANG_WARN_INFINITE_RECURSION = YES;
				CLANG_WARN_INT_CONVERSION = YES;
				CLANG_WARN_NON_LITERAL_NULL_CONVERSION = YES;
				CLANG_WARN_OBJC_IMPLICIT_RETAIN_SELF = YES;
				CLANG_WARN_OBJC_LITERAL_CONVERSION = YES;
				CLANG_WARN_OBJC_ROOT_CLASS = YES_ERROR;
				CLANG_WARN_QUOTED_INCLUDE_IN_FRAMEWORK_HEADER = YES;
				CLANG_WARN_RANGE_LOOP_ANALYSIS = YES;
				CLANG_WARN_STRICT_PROTOTYPES = YES;
				CLANG_WARN_SUSPICIOUS_MOVE = YES;
				CLANG_WARN_UNGUARDED_AVAILABILITY = YES_AGGRESSIVE;
				CLANG_WARN_UNREACHABLE_CODE = YES;
				CLANG_WARN__DUPLICATE_METHOD_MATCH = YES;
				COPY_PHASE_STRIP = NO;
				DEBUG_INFORMATION_FORMAT = "dwarf-with-dsym";
				ENABLE_NS_ASSERTIONS = NO;
				ENABLE_STRICT_OBJC_MSGSEND = YES;
				GCC_C_LANGUAGE_STANDARD = gnu11;
				GCC_NO_COMMON_BLOCKS = YES;
				GCC_WARN_64_TO_32_BIT_CONVERSION = YES;
				GCC_WARN_ABOUT_RETURN_TYPE = YES_ERROR;
				GCC_WARN_UNDECLARED_SELECTOR = YES;
				GCC_WARN_UNINITIALIZED_AUTOS = YES_AGGRESSIVE;
				GCC_WARN_UNUSED_FUNCTION = YES;
				GCC_WARN_UNUSED_VARIABLE = YES;
				IPHONEOS_DEPLOYMENT_TARGET = 15.0;
				MTL_ENABLE_DEBUG_INFO = NO;
				MTL_FAST_MATH = YES;
				SDKROOT = iphoneos;
				SWIFT_COMPILATION_MODE = wholemodule;
				SWIFT_OPTIMIZATION_LEVEL = "-O";
				VALIDATE_PRODUCT = YES;
			};
			name = Release;
		};
		186F29B0275C55E4001F8828 /* Debug */ = {
			isa = XCBuildConfiguration;
			buildSettings = {
				ASSETCATALOG_COMPILER_APPICON_NAME = AppIcon;
				ASSETCATALOG_COMPILER_GLOBAL_ACCENT_COLOR_NAME = AccentColor;
				CODE_SIGN_STYLE = Automatic;
				CURRENT_PROJECT_VERSION = 1;
				GENERATE_INFOPLIST_FILE = YES;
				INFOPLIST_FILE = Quiz12/Info.plist;
				INFOPLIST_KEY_UIApplicationSupportsIndirectInputEvents = YES;
				INFOPLIST_KEY_UILaunchStoryboardName = LaunchScreen;
				INFOPLIST_KEY_UIMainStoryboardFile = Main;
				INFOPLIST_KEY_UISupportedInterfaceOrientations_iPad = "UIInterfaceOrientationPortrait UIInterfaceOrientationPortraitUpsideDown UIInterfaceOrientationLandscapeLeft UIInterfaceOrientationLandscapeRight";
				INFOPLIST_KEY_UISupportedInterfaceOrientations_iPhone = "UIInterfaceOrientationPortrait UIInterfaceOrientationLandscapeLeft UIInterfaceOrientationLandscapeRight";
				LD_RUNPATH_SEARCH_PATHS = (
					"$(inherited)",
					"@executable_path/Frameworks",
				);
				MARKETING_VERSION = 1.0;
				PRODUCT_BUNDLE_IDENTIFIER = eunchan.Quiz12;
				PRODUCT_NAME = "$(TARGET_NAME)";
				SWIFT_EMIT_LOC_STRINGS = YES;
				SWIFT_VERSION = 5.0;
				TARGETED_DEVICE_FAMILY = "1,2";
			};
			name = Debug;
		};
		186F29B1275C55E4001F8828 /* Release */ = {
			isa = XCBuildConfiguration;
			buildSettings = {
				ASSETCATALOG_COMPILER_APPICON_NAME = AppIcon;
				ASSETCATALOG_COMPILER_GLOBAL_ACCENT_COLOR_NAME = AccentColor;
				CODE_SIGN_STYLE = Automatic;
				CURRENT_PROJECT_VERSION = 1;
				GENERATE_INFOPLIST_FILE = YES;
				INFOPLIST_FILE = Quiz12/Info.plist;
				INFOPLIST_KEY_UIApplicationSupportsIndirectInputEvents = YES;
				INFOPLIST_KEY_UILaunchStoryboardName = LaunchScreen;
				INFOPLIST_KEY_UIMainStoryboardFile = Main;
				INFOPLIST_KEY_UISupportedInterfaceOrientations_iPad = "UIInterfaceOrientationPortrait UIInterfaceOrientationPortraitUpsideDown UIInterfaceOrientationLandscapeLeft UIInterfaceOrientationLandscapeRight";
				INFOPLIST_KEY_UISupportedInterfaceOrientations_iPhone = "UIInterfaceOrientationPortrait UIInterfaceOrientationLandscapeLeft UIInterfaceOrientationLandscapeRight";
				LD_RUNPATH_SEARCH_PATHS = (
					"$(inherited)",
					"@executable_path/Frameworks",
				);
				MARKETING_VERSION = 1.0;
				PRODUCT_BUNDLE_IDENTIFIER = eunchan.Quiz12;
				PRODUCT_NAME = "$(TARGET_NAME)";
				SWIFT_EMIT_LOC_STRINGS = YES;
				SWIFT_VERSION = 5.0;
				TARGETED_DEVICE_FAMILY = "1,2";
			};
			name = Release;
		};
		186F29B3275C55E4001F8828 /* Debug */ = {
			isa = XCBuildConfiguration;
			buildSettings = {
				ALWAYS_EMBED_SWIFT_STANDARD_LIBRARIES = YES;
				BUNDLE_LOADER = "$(TEST_HOST)";
				CODE_SIGN_STYLE = Automatic;
				CURRENT_PROJECT_VERSION = 1;
				GENERATE_INFOPLIST_FILE = YES;
				IPHONEOS_DEPLOYMENT_TARGET = 15.0;
				LD_RUNPATH_SEARCH_PATHS = (
					"$(inherited)",
					"@executable_path/Frameworks",
					"@loader_path/Frameworks",
				);
				MARKETING_VERSION = 1.0;
				PRODUCT_BUNDLE_IDENTIFIER = eunchan.Quiz12Tests;
				PRODUCT_NAME = "$(TARGET_NAME)";
				SWIFT_EMIT_LOC_STRINGS = NO;
				SWIFT_VERSION = 5.0;
				TARGETED_DEVICE_FAMILY = "1,2";
				TEST_HOST = "$(BUILT_PRODUCTS_DIR)/Quiz12.app/Quiz12";
			};
			name = Debug;
		};
		186F29B4275C55E4001F8828 /* Release */ = {
			isa = XCBuildConfiguration;
			buildSettings = {
				ALWAYS_EMBED_SWIFT_STANDARD_LIBRARIES = YES;
				BUNDLE_LOADER = "$(TEST_HOST)";
				CODE_SIGN_STYLE = Automatic;
				CURRENT_PROJECT_VERSION = 1;
				GENERATE_INFOPLIST_FILE = YES;
				IPHONEOS_DEPLOYMENT_TARGET = 15.0;
				LD_RUNPATH_SEARCH_PATHS = (
					"$(inherited)",
					"@executable_path/Frameworks",
					"@loader_path/Frameworks",
				);
				MARKETING_VERSION = 1.0;
				PRODUCT_BUNDLE_IDENTIFIER = eunchan.Quiz12Tests;
				PRODUCT_NAME = "$(TARGET_NAME)";
				SWIFT_EMIT_LOC_STRINGS = NO;
				SWIFT_VERSION = 5.0;
				TARGETED_DEVICE_FAMILY = "1,2";
				TEST_HOST = "$(BUILT_PRODUCTS_DIR)/Quiz12.app/Quiz12";
			};
			name = Release;
		};
		186F29B6275C55E4001F8828 /* Debug */ = {
			isa = XCBuildConfiguration;
			buildSettings = {
				ALWAYS_EMBED_SWIFT_STANDARD_LIBRARIES = YES;
				CODE_SIGN_STYLE = Automatic;
				CURRENT_PROJECT_VERSION = 1;
				GENERATE_INFOPLIST_FILE = YES;
				LD_RUNPATH_SEARCH_PATHS = (
					"$(inherited)",
					"@executable_path/Frameworks",
					"@loader_path/Frameworks",
				);
				MARKETING_VERSION = 1.0;
				PRODUCT_BUNDLE_IDENTIFIER = eunchan.Quiz12UITests;
				PRODUCT_NAME = "$(TARGET_NAME)";
				SWIFT_EMIT_LOC_STRINGS = NO;
				SWIFT_VERSION = 5.0;
				TARGETED_DEVICE_FAMILY = "1,2";
				TEST_TARGET_NAME = Quiz12;
			};
			name = Debug;
		};
		186F29B7275C55E4001F8828 /* Release */ = {
			isa = XCBuildConfiguration;
			buildSettings = {
				ALWAYS_EMBED_SWIFT_STANDARD_LIBRARIES = YES;
				CODE_SIGN_STYLE = Automatic;
				CURRENT_PROJECT_VERSION = 1;
				GENERATE_INFOPLIST_FILE = YES;
				LD_RUNPATH_SEARCH_PATHS = (
					"$(inherited)",
					"@executable_path/Frameworks",
					"@loader_path/Frameworks",
				);
				MARKETING_VERSION = 1.0;
				PRODUCT_BUNDLE_IDENTIFIER = eunchan.Quiz12UITests;
				PRODUCT_NAME = "$(TARGET_NAME)";
				SWIFT_EMIT_LOC_STRINGS = NO;
				SWIFT_VERSION = 5.0;
				TARGETED_DEVICE_FAMILY = "1,2";
				TEST_TARGET_NAME = Quiz12;
			};
			name = Release;
		};
/* End XCBuildConfiguration section */

/* Begin XCConfigurationList section */
		186F2980275C55E3001F8828 /* Build configuration list for PBXProject "Quiz12" */ = {
			isa = XCConfigurationList;
			buildConfigurations = (
				186F29AD275C55E4001F8828 /* Debug */,
				186F29AE275C55E4001F8828 /* Release */,
			);
			defaultConfigurationIsVisible = 0;
			defaultConfigurationName = Release;
		};
		186F29AF275C55E4001F8828 /* Build configuration list for PBXNativeTarget "Quiz12" */ = {
			isa = XCConfigurationList;
			buildConfigurations = (
				186F29B0275C55E4001F8828 /* Debug */,
				186F29B1275C55E4001F8828 /* Release */,
			);
			defaultConfigurationIsVisible = 0;
			defaultConfigurationName = Release;
		};
		186F29B2275C55E4001F8828 /* Build configuration list for PBXNativeTarget "Quiz12Tests" */ = {
			isa = XCConfigurationList;
			buildConfigurations = (
				186F29B3275C55E4001F8828 /* Debug */,
				186F29B4275C55E4001F8828 /* Release */,
			);
			defaultConfigurationIsVisible = 0;
			defaultConfigurationName = Release;
		};
		186F29B5275C55E4001F8828 /* Build configuration list for PBXNativeTarget "Quiz12UITests" */ = {
			isa = XCConfigurationList;
			buildConfigurations = (
				186F29B6275C55E4001F8828 /* Debug */,
				186F29B7275C55E4001F8828 /* Release */,
			);
			defaultConfigurationIsVisible = 0;
			defaultConfigurationName = Release;
		};
/* End XCConfigurationList section */
	};
	rootObject = 186F297D275C55E3001F8828 /* Project object */;
}
