// !$*UTF8*$!
{
	archiveVersion = 1;
	classes = {
	};
	objectVersion = 55;
	objects = {

/* Begin PBXBuildFile section */
		182DA63827659887002ABC13 /* AppDelegate.swift in Sources */ = {isa = PBXBuildFile; fileRef = 182DA63727659887002ABC13 /* AppDelegate.swift */; };
		182DA63A27659887002ABC13 /* SceneDelegate.swift in Sources */ = {isa = PBXBuildFile; fileRef = 182DA63927659887002ABC13 /* SceneDelegate.swift */; };
		182DA63C27659887002ABC13 /* ViewController.swift in Sources */ = {isa = PBXBuildFile; fileRef = 182DA63B27659887002ABC13 /* ViewController.swift */; };
		182DA63F27659887002ABC13 /* Main.storyboard in Resources */ = {isa = PBXBuildFile; fileRef = 182DA63D27659887002ABC13 /* Main.storyboard */; };
		182DA64127659888002ABC13 /* Assets.xcassets in Resources */ = {isa = PBXBuildFile; fileRef = 182DA64027659888002ABC13 /* Assets.xcassets */; };
		182DA64427659888002ABC13 /* LaunchScreen.storyboard in Resources */ = {isa = PBXBuildFile; fileRef = 182DA64227659888002ABC13 /* LaunchScreen.storyboard */; };
		182DA64F27659888002ABC13 /* SwipeGesturePageControlTests.swift in Sources */ = {isa = PBXBuildFile; fileRef = 182DA64E27659888002ABC13 /* SwipeGesturePageControlTests.swift */; };
		182DA65927659888002ABC13 /* SwipeGesturePageControlUITests.swift in Sources */ = {isa = PBXBuildFile; fileRef = 182DA65827659888002ABC13 /* SwipeGesturePageControlUITests.swift */; };
		182DA65B27659888002ABC13 /* SwipeGesturePageControlUITestsLaunchTests.swift in Sources */ = {isa = PBXBuildFile; fileRef = 182DA65A27659888002ABC13 /* SwipeGesturePageControlUITestsLaunchTests.swift */; };
/* End PBXBuildFile section */

/* Begin PBXContainerItemProxy section */
		182DA64B27659888002ABC13 /* PBXContainerItemProxy */ = {
			isa = PBXContainerItemProxy;
			containerPortal = 182DA62C27659887002ABC13 /* Project object */;
			proxyType = 1;
			remoteGlobalIDString = 182DA63327659887002ABC13;
			remoteInfo = SwipeGesturePageControl;
		};
		182DA65527659888002ABC13 /* PBXContainerItemProxy */ = {
			isa = PBXContainerItemProxy;
			containerPortal = 182DA62C27659887002ABC13 /* Project object */;
			proxyType = 1;
			remoteGlobalIDString = 182DA63327659887002ABC13;
			remoteInfo = SwipeGesturePageControl;
		};
/* End PBXContainerItemProxy section */

/* Begin PBXFileReference section */
		182DA63427659887002ABC13 /* SwipeGesturePageControl.app */ = {isa = PBXFileReference; explicitFileType = wrapper.application; includeInIndex = 0; path = SwipeGesturePageControl.app; sourceTree = BUILT_PRODUCTS_DIR; };
		182DA63727659887002ABC13 /* AppDelegate.swift */ = {isa = PBXFileReference; lastKnownFileType = sourcecode.swift; path = AppDelegate.swift; sourceTree = "<group>"; };
		182DA63927659887002ABC13 /* SceneDelegate.swift */ = {isa = PBXFileReference; lastKnownFileType = sourcecode.swift; path = SceneDelegate.swift; sourceTree = "<group>"; };
		182DA63B27659887002ABC13 /* ViewController.swift */ = {isa = PBXFileReference; lastKnownFileType = sourcecode.swift; path = ViewController.swift; sourceTree = "<group>"; };
		182DA63E27659887002ABC13 /* Base */ = {isa = PBXFileReference; lastKnownFileType = file.storyboard; name = Base; path = Base.lproj/Main.storyboard; sourceTree = "<group>"; };
		182DA64027659888002ABC13 /* Assets.xcassets */ = {isa = PBXFileReference; lastKnownFileType = folder.assetcatalog; path = Assets.xcassets; sourceTree = "<group>"; };
		182DA64327659888002ABC13 /* Base */ = {isa = PBXFileReference; lastKnownFileType = file.storyboard; name = Base; path = Base.lproj/LaunchScreen.storyboard; sourceTree = "<group>"; };
		182DA64527659888002ABC13 /* Info.plist */ = {isa = PBXFileReference; lastKnownFileType = text.plist.xml; path = Info.plist; sourceTree = "<group>"; };
		182DA64A27659888002ABC13 /* SwipeGesturePageControlTests.xctest */ = {isa = PBXFileReference; explicitFileType = wrapper.cfbundle; includeInIndex = 0; path = SwipeGesturePageControlTests.xctest; sourceTree = BUILT_PRODUCTS_DIR; };
		182DA64E27659888002ABC13 /* SwipeGesturePageControlTests.swift */ = {isa = PBXFileReference; lastKnownFileType = sourcecode.swift; path = SwipeGesturePageControlTests.swift; sourceTree = "<group>"; };
		182DA65427659888002ABC13 /* SwipeGesturePageControlUITests.xctest */ = {isa = PBXFileReference; explicitFileType = wrapper.cfbundle; includeInIndex = 0; path = SwipeGesturePageControlUITests.xctest; sourceTree = BUILT_PRODUCTS_DIR; };
		182DA65827659888002ABC13 /* SwipeGesturePageControlUITests.swift */ = {isa = PBXFileReference; lastKnownFileType = sourcecode.swift; path = SwipeGesturePageControlUITests.swift; sourceTree = "<group>"; };
		182DA65A27659888002ABC13 /* SwipeGesturePageControlUITestsLaunchTests.swift */ = {isa = PBXFileReference; lastKnownFileType = sourcecode.swift; path = SwipeGesturePageControlUITestsLaunchTests.swift; sourceTree = "<group>"; };
/* End PBXFileReference section */

/* Begin PBXFrameworksBuildPhase section */
		182DA63127659887002ABC13 /* Frameworks */ = {
			isa = PBXFrameworksBuildPhase;
			buildActionMask = 2147483647;
			files = (
			);
			runOnlyForDeploymentPostprocessing = 0;
		};
		182DA64727659888002ABC13 /* Frameworks */ = {
			isa = PBXFrameworksBuildPhase;
			buildActionMask = 2147483647;
			files = (
			);
			runOnlyForDeploymentPostprocessing = 0;
		};
		182DA65127659888002ABC13 /* Frameworks */ = {
			isa = PBXFrameworksBuildPhase;
			buildActionMask = 2147483647;
			files = (
			);
			runOnlyForDeploymentPostprocessing = 0;
		};
/* End PBXFrameworksBuildPhase section */

/* Begin PBXGroup section */
		182DA62B27659887002ABC13 = {
			isa = PBXGroup;
			children = (
				182DA63627659887002ABC13 /* SwipeGesturePageControl */,
				182DA64D27659888002ABC13 /* SwipeGesturePageControlTests */,
				182DA65727659888002ABC13 /* SwipeGesturePageControlUITests */,
				182DA63527659887002ABC13 /* Products */,
			);
			sourceTree = "<group>";
		};
		182DA63527659887002ABC13 /* Products */ = {
			isa = PBXGroup;
			children = (
				182DA63427659887002ABC13 /* SwipeGesturePageControl.app */,
				182DA64A27659888002ABC13 /* SwipeGesturePageControlTests.xctest */,
				182DA65427659888002ABC13 /* SwipeGesturePageControlUITests.xctest */,
			);
			name = Products;
			sourceTree = "<group>";
		};
		182DA63627659887002ABC13 /* SwipeGesturePageControl */ = {
			isa = PBXGroup;
			children = (
				182DA63727659887002ABC13 /* AppDelegate.swift */,
				182DA63927659887002ABC13 /* SceneDelegate.swift */,
				182DA63B27659887002ABC13 /* ViewController.swift */,
				182DA63D27659887002ABC13 /* Main.storyboard */,
				182DA64027659888002ABC13 /* Assets.xcassets */,
				182DA64227659888002ABC13 /* LaunchScreen.storyboard */,
				182DA64527659888002ABC13 /* Info.plist */,
			);
			path = SwipeGesturePageControl;
			sourceTree = "<group>";
		};
		182DA64D27659888002ABC13 /* SwipeGesturePageControlTests */ = {
			isa = PBXGroup;
			children = (
				182DA64E27659888002ABC13 /* SwipeGesturePageControlTests.swift */,
			);
			path = SwipeGesturePageControlTests;
			sourceTree = "<group>";
		};
		182DA65727659888002ABC13 /* SwipeGesturePageControlUITests */ = {
			isa = PBXGroup;
			children = (
				182DA65827659888002ABC13 /* SwipeGesturePageControlUITests.swift */,
				182DA65A27659888002ABC13 /* SwipeGesturePageControlUITestsLaunchTests.swift */,
			);
			path = SwipeGesturePageControlUITests;
			sourceTree = "<group>";
		};
/* End PBXGroup section */

/* Begin PBXNativeTarget section */
		182DA63327659887002ABC13 /* SwipeGesturePageControl */ = {
			isa = PBXNativeTarget;
			buildConfigurationList = 182DA65E27659888002ABC13 /* Build configuration list for PBXNativeTarget "SwipeGesturePageControl" */;
			buildPhases = (
				182DA63027659887002ABC13 /* Sources */,
				182DA63127659887002ABC13 /* Frameworks */,
				182DA63227659887002ABC13 /* Resources */,
			);
			buildRules = (
			);
			dependencies = (
			);
			name = SwipeGesturePageControl;
			productName = SwipeGesturePageControl;
			productReference = 182DA63427659887002ABC13 /* SwipeGesturePageControl.app */;
			productType = "com.apple.product-type.application";
		};
		182DA64927659888002ABC13 /* SwipeGesturePageControlTests */ = {
			isa = PBXNativeTarget;
			buildConfigurationList = 182DA66127659888002ABC13 /* Build configuration list for PBXNativeTarget "SwipeGesturePageControlTests" */;
			buildPhases = (
				182DA64627659888002ABC13 /* Sources */,
				182DA64727659888002ABC13 /* Frameworks */,
				182DA64827659888002ABC13 /* Resources */,
			);
			buildRules = (
			);
			dependencies = (
				182DA64C27659888002ABC13 /* PBXTargetDependency */,
			);
			name = SwipeGesturePageControlTests;
			productName = SwipeGesturePageControlTests;
			productReference = 182DA64A27659888002ABC13 /* SwipeGesturePageControlTests.xctest */;
			productType = "com.apple.product-type.bundle.unit-test";
		};
		182DA65327659888002ABC13 /* SwipeGesturePageControlUITests */ = {
			isa = PBXNativeTarget;
			buildConfigurationList = 182DA66427659888002ABC13 /* Build configuration list for PBXNativeTarget "SwipeGesturePageControlUITests" */;
			buildPhases = (
				182DA65027659888002ABC13 /* Sources */,
				182DA65127659888002ABC13 /* Frameworks */,
				182DA65227659888002ABC13 /* Resources */,
			);
			buildRules = (
			);
			dependencies = (
				182DA65627659888002ABC13 /* PBXTargetDependency */,
			);
			name = SwipeGesturePageControlUITests;
			productName = SwipeGesturePageControlUITests;
			productReference = 182DA65427659888002ABC13 /* SwipeGesturePageControlUITests.xctest */;
			productType = "com.apple.product-type.bundle.ui-testing";
		};
/* End PBXNativeTarget section */

/* Begin PBXProject section */
		182DA62C27659887002ABC13 /* Project object */ = {
			isa = PBXProject;
			attributes = {
				BuildIndependentTargetsInParallel = 1;
				LastSwiftUpdateCheck = 1310;
				LastUpgradeCheck = 1310;
				TargetAttributes = {
					182DA63327659887002ABC13 = {
						CreatedOnToolsVersion = 13.1;
					};
					182DA64927659888002ABC13 = {
						CreatedOnToolsVersion = 13.1;
						TestTargetID = 182DA63327659887002ABC13;
					};
					182DA65327659888002ABC13 = {
						CreatedOnToolsVersion = 13.1;
						TestTargetID = 182DA63327659887002ABC13;
					};
				};
			};
			buildConfigurationList = 182DA62F27659887002ABC13 /* Build configuration list for PBXProject "SwipeGesturePageControl" */;
			compatibilityVersion = "Xcode 13.0";
			developmentRegion = en;
			hasScannedForEncodings = 0;
			knownRegions = (
				en,
				Base,
			);
			mainGroup = 182DA62B27659887002ABC13;
			productRefGroup = 182DA63527659887002ABC13 /* Products */;
			projectDirPath = "";
			projectRoot = "";
			targets = (
				182DA63327659887002ABC13 /* SwipeGesturePageControl */,
				182DA64927659888002ABC13 /* SwipeGesturePageControlTests */,
				182DA65327659888002ABC13 /* SwipeGesturePageControlUITests */,
			);
		};
/* End PBXProject section */

/* Begin PBXResourcesBuildPhase section */
		182DA63227659887002ABC13 /* Resources */ = {
			isa = PBXResourcesBuildPhase;
			buildActionMask = 2147483647;
			files = (
				182DA64427659888002ABC13 /* LaunchScreen.storyboard in Resources */,
				182DA64127659888002ABC13 /* Assets.xcassets in Resources */,
				182DA63F27659887002ABC13 /* Main.storyboard in Resources */,
			);
			runOnlyForDeploymentPostprocessing = 0;
		};
		182DA64827659888002ABC13 /* Resources */ = {
			isa = PBXResourcesBuildPhase;
			buildActionMask = 2147483647;
			files = (
			);
			runOnlyForDeploymentPostprocessing = 0;
		};
		182DA65227659888002ABC13 /* Resources */ = {
			isa = PBXResourcesBuildPhase;
			buildActionMask = 2147483647;
			files = (
			);
			runOnlyForDeploymentPostprocessing = 0;
		};
/* End PBXResourcesBuildPhase section */

/* Begin PBXSourcesBuildPhase section */
		182DA63027659887002ABC13 /* Sources */ = {
			isa = PBXSourcesBuildPhase;
			buildActionMask = 2147483647;
			files = (
				182DA63C27659887002ABC13 /* ViewController.swift in Sources */,
				182DA63827659887002ABC13 /* AppDelegate.swift in Sources */,
				182DA63A27659887002ABC13 /* SceneDelegate.swift in Sources */,
			);
			runOnlyForDeploymentPostprocessing = 0;
		};
		182DA64627659888002ABC13 /* Sources */ = {
			isa = PBXSourcesBuildPhase;
			buildActionMask = 2147483647;
			files = (
				182DA64F27659888002ABC13 /* SwipeGesturePageControlTests.swift in Sources */,
			);
			runOnlyForDeploymentPostprocessing = 0;
		};
		182DA65027659888002ABC13 /* Sources */ = {
			isa = PBXSourcesBuildPhase;
			buildActionMask = 2147483647;
			files = (
				182DA65B27659888002ABC13 /* SwipeGesturePageControlUITestsLaunchTests.swift in Sources */,
				182DA65927659888002ABC13 /* SwipeGesturePageControlUITests.swift in Sources */,
			);
			runOnlyForDeploymentPostprocessing = 0;
		};
/* End PBXSourcesBuildPhase section */

/* Begin PBXTargetDependency section */
		182DA64C27659888002ABC13 /* PBXTargetDependency */ = {
			isa = PBXTargetDependency;
			target = 182DA63327659887002ABC13 /* SwipeGesturePageControl */;
			targetProxy = 182DA64B27659888002ABC13 /* PBXContainerItemProxy */;
		};
		182DA65627659888002ABC13 /* PBXTargetDependency */ = {
			isa = PBXTargetDependency;
			target = 182DA63327659887002ABC13 /* SwipeGesturePageControl */;
			targetProxy = 182DA65527659888002ABC13 /* PBXContainerItemProxy */;
		};
/* End PBXTargetDependency section */

/* Begin PBXVariantGroup section */
		182DA63D27659887002ABC13 /* Main.storyboard */ = {
			isa = PBXVariantGroup;
			children = (
				182DA63E27659887002ABC13 /* Base */,
			);
			name = Main.storyboard;
			sourceTree = "<group>";
		};
		182DA64227659888002ABC13 /* LaunchScreen.storyboard */ = {
			isa = PBXVariantGroup;
			children = (
				182DA64327659888002ABC13 /* Base */,
			);
			name = LaunchScreen.storyboard;
			sourceTree = "<group>";
		};
/* End PBXVariantGroup section */

/* Begin XCBuildConfiguration section */
		182DA65C27659888002ABC13 /* Debug */ = {
			isa = XCBuildConfiguration;
			buildSettings = {
				ALWAYS_SEARCH_USER_PATHS = NO;
				CLANG_ANALYZER_NONNULL = YES;
				CLANG_ANALYZER_NUMBER_OBJECT_CONVERSION = YES_AGGRESSIVE;
				CLANG_CXX_LANGUAGE_STANDARD = "gnu++17";
				CLANG_CXX_LIBRARY = "libc++";
				CLANG_ENABLE_MODULES = YES;
				CLANG_ENABLE_OBJC_ARC = YES;
				CLANG_ENABLE_OBJC_WEAK = YES;
				CLANG_WARN_BLOCK_CAPTURE_AUTORELEASING = YES;
				CLANG_WARN_BOOL_CONVERSION = YES;
				CLANG_WARN_COMMA = YES;
				CLANG_WARN_CONSTANT_CONVERSION = YES;
				CLANG_WARN_DEPRECATED_OBJC_IMPLEMENTATIONS = YES;
				CLANG_WARN_DIRECT_OBJC_ISA_USAGE = YES_ERROR;
				CLANG_WARN_DOCUMENTATION_COMMENTS = YES;
				CLANG_WARN_EMPTY_BODY = YES;
				CLANG_WARN_ENUM_CONVERSION = YES;
				CLANG_WARN_INFINITE_RECURSION = YES;
				CLANG_WARN_INT_CONVERSION = YES;
				CLANG_WARN_NON_LITERAL_NULL_CONVERSION = YES;
				CLANG_WARN_OBJC_IMPLICIT_RETAIN_SELF = YES;
				CLANG_WARN_OBJC_LITERAL_CONVERSION = YES;
				CLANG_WARN_OBJC_ROOT_CLASS = YES_ERROR;
				CLANG_WARN_QUOTED_INCLUDE_IN_FRAMEWORK_HEADER = YES;
				CLANG_WARN_RANGE_LOOP_ANALYSIS = YES;
				CLANG_WARN_STRICT_PROTOTYPES = YES;
				CLANG_WARN_SUSPICIOUS_MOVE = YES;
				CLANG_WARN_UNGUARDED_AVAILABILITY = YES_AGGRESSIVE;
				CLANG_WARN_UNREACHABLE_CODE = YES;
				CLANG_WARN__DUPLICATE_METHOD_MATCH = YES;
				COPY_PHASE_STRIP = NO;
				DEBUG_INFORMATION_FORMAT = dwarf;
				ENABLE_STRICT_OBJC_MSGSEND = YES;
				ENABLE_TESTABILITY = YES;
				GCC_C_LANGUAGE_STANDARD = gnu11;
				GCC_DYNAMIC_NO_PIC = NO;
				GCC_NO_COMMON_BLOCKS = YES;
				GCC_OPTIMIZATION_LEVEL = 0;
				GCC_PREPROCESSOR_DEFINITIONS = (
					"DEBUG=1",
					"$(inherited)",
				);
				GCC_WARN_64_TO_32_BIT_CONVERSION = YES;
				GCC_WARN_ABOUT_RETURN_TYPE = YES_ERROR;
				GCC_WARN_UNDECLARED_SELECTOR = YES;
				GCC_WARN_UNINITIALIZED_AUTOS = YES_AGGRESSIVE;
				GCC_WARN_UNUSED_FUNCTION = YES;
				GCC_WARN_UNUSED_VARIABLE = YES;
				IPHONEOS_DEPLOYMENT_TARGET = 15.0;
				MTL_ENABLE_DEBUG_INFO = INCLUDE_SOURCE;
				MTL_FAST_MATH = YES;
				ONLY_ACTIVE_ARCH = YES;
				SDKROOT = iphoneos;
				SWIFT_ACTIVE_COMPILATION_CONDITIONS = DEBUG;
				SWIFT_OPTIMIZATION_LEVEL = "-Onone";
			};
			name = Debug;
		};
		182DA65D27659888002ABC13 /* Release */ = {
			isa = XCBuildConfiguration;
			buildSettings = {
				ALWAYS_SEARCH_USER_PATHS = NO;
				CLANG_ANALYZER_NONNULL = YES;
				CLANG_ANALYZER_NUMBER_OBJECT_CONVERSION = YES_AGGRESSIVE;
				CLANG_CXX_LANGUAGE_STANDARD = "gnu++17";
				CLANG_CXX_LIBRARY = "libc++";
				CLANG_ENABLE_MODULES = YES;
				CLANG_ENABLE_OBJC_ARC = YES;
				CLANG_ENABLE_OBJC_WEAK = YES;
				CLANG_WARN_BLOCK_CAPTURE_AUTORELEASING = YES;
				CLANG_WARN_BOOL_CONVERSION = YES;
				CLANG_WARN_COMMA = YES;
				CLANG_WARN_CONSTANT_CONVERSION = YES;
				CLANG_WARN_DEPRECATED_OBJC_IMPLEMENTATIONS = YES;
				CLANG_WARN_DIRECT_OBJC_ISA_USAGE = YES_ERROR;
				CLANG_WARN_DOCUMENTATION_COMMENTS = YES;
				CLANG_WARN_EMPTY_BODY = YES;
				CLANG_WARN_ENUM_CONVERSION = YES;
				CLANG_WARN_INFINITE_RECURSION = YES;
				CLANG_WARN_INT_CONVERSION = YES;
				CLANG_WARN_NON_LITERAL_NULL_CONVERSION = YES;
				CLANG_WARN_OBJC_IMPLICIT_RETAIN_SELF = YES;
				CLANG_WARN_OBJC_LITERAL_CONVERSION = YES;
				CLANG_WARN_OBJC_ROOT_CLASS = YES_ERROR;
				CLANG_WARN_QUOTED_INCLUDE_IN_FRAMEWORK_HEADER = YES;
				CLANG_WARN_RANGE_LOOP_ANALYSIS = YES;
				CLANG_WARN_STRICT_PROTOTYPES = YES;
				CLANG_WARN_SUSPICIOUS_MOVE = YES;
				CLANG_WARN_UNGUARDED_AVAILABILITY = YES_AGGRESSIVE;
				CLANG_WARN_UNREACHABLE_CODE = YES;
				CLANG_WARN__DUPLICATE_METHOD_MATCH = YES;
				COPY_PHASE_STRIP = NO;
				DEBUG_INFORMATION_FORMAT = "dwarf-with-dsym";
				ENABLE_NS_ASSERTIONS = NO;
				ENABLE_STRICT_OBJC_MSGSEND = YES;
				GCC_C_LANGUAGE_STANDARD = gnu11;
				GCC_NO_COMMON_BLOCKS = YES;
				GCC_WARN_64_TO_32_BIT_CONVERSION = YES;
				GCC_WARN_ABOUT_RETURN_TYPE = YES_ERROR;
				GCC_WARN_UNDECLARED_SELECTOR = YES;
				GCC_WARN_UNINITIALIZED_AUTOS = YES_AGGRESSIVE;
				GCC_WARN_UNUSED_FUNCTION = YES;
				GCC_WARN_UNUSED_VARIABLE = YES;
				IPHONEOS_DEPLOYMENT_TARGET = 15.0;
				MTL_ENABLE_DEBUG_INFO = NO;
				MTL_FAST_MATH = YES;
				SDKROOT = iphoneos;
				SWIFT_COMPILATION_MODE = wholemodule;
				SWIFT_OPTIMIZATION_LEVEL = "-O";
				VALIDATE_PRODUCT = YES;
			};
			name = Release;
		};
		182DA65F27659888002ABC13 /* Debug */ = {
			isa = XCBuildConfiguration;
			buildSettings = {
				ASSETCATALOG_COMPILER_APPICON_NAME = AppIcon;
				ASSETCATALOG_COMPILER_GLOBAL_ACCENT_COLOR_NAME = AccentColor;
				CODE_SIGN_STYLE = Automatic;
				CURRENT_PROJECT_VERSION = 1;
				GENERATE_INFOPLIST_FILE = YES;
				INFOPLIST_FILE = SwipeGesturePageControl/Info.plist;
				INFOPLIST_KEY_UIApplicationSupportsIndirectInputEvents = YES;
				INFOPLIST_KEY_UILaunchStoryboardName = LaunchScreen;
				INFOPLIST_KEY_UIMainStoryboardFile = Main;
				INFOPLIST_KEY_UISupportedInterfaceOrientations_iPad = "UIInterfaceOrientationPortrait UIInterfaceOrientationPortraitUpsideDown UIInterfaceOrientationLandscapeLeft UIInterfaceOrientationLandscapeRight";
				INFOPLIST_KEY_UISupportedInterfaceOrientations_iPhone = "UIInterfaceOrientationPortrait UIInterfaceOrientationLandscapeLeft UIInterfaceOrientationLandscapeRight";
				LD_RUNPATH_SEARCH_PATHS = (
					"$(inherited)",
					"@executable_path/Frameworks",
				);
				MARKETING_VERSION = 1.0;
				PRODUCT_BUNDLE_IDENTIFIER = eunchan.SwipeGesturePageControl;
				PRODUCT_NAME = "$(TARGET_NAME)";
				SWIFT_EMIT_LOC_STRINGS = YES;
				SWIFT_VERSION = 5.0;
				TARGETED_DEVICE_FAMILY = "1,2";
			};
			name = Debug;
		};
		182DA66027659888002ABC13 /* Release */ = {
			isa = XCBuildConfiguration;
			buildSettings = {
				ASSETCATALOG_COMPILER_APPICON_NAME = AppIcon;
				ASSETCATALOG_COMPILER_GLOBAL_ACCENT_COLOR_NAME = AccentColor;
				CODE_SIGN_STYLE = Automatic;
				CURRENT_PROJECT_VERSION = 1;
				GENERATE_INFOPLIST_FILE = YES;
				INFOPLIST_FILE = SwipeGesturePageControl/Info.plist;
				INFOPLIST_KEY_UIApplicationSupportsIndirectInputEvents = YES;
				INFOPLIST_KEY_UILaunchStoryboardName = LaunchScreen;
				INFOPLIST_KEY_UIMainStoryboardFile = Main;
				INFOPLIST_KEY_UISupportedInterfaceOrientations_iPad = "UIInterfaceOrientationPortrait UIInterfaceOrientationPortraitUpsideDown UIInterfaceOrientationLandscapeLeft UIInterfaceOrientationLandscapeRight";
				INFOPLIST_KEY_UISupportedInterfaceOrientations_iPhone = "UIInterfaceOrientationPortrait UIInterfaceOrientationLandscapeLeft UIInterfaceOrientationLandscapeRight";
				LD_RUNPATH_SEARCH_PATHS = (
					"$(inherited)",
					"@executable_path/Frameworks",
				);
				MARKETING_VERSION = 1.0;
				PRODUCT_BUNDLE_IDENTIFIER = eunchan.SwipeGesturePageControl;
				PRODUCT_NAME = "$(TARGET_NAME)";
				SWIFT_EMIT_LOC_STRINGS = YES;
				SWIFT_VERSION = 5.0;
				TARGETED_DEVICE_FAMILY = "1,2";
			};
			name = Release;
		};
		182DA66227659888002ABC13 /* Debug */ = {
			isa = XCBuildConfiguration;
			buildSettings = {
				ALWAYS_EMBED_SWIFT_STANDARD_LIBRARIES = YES;
				BUNDLE_LOADER = "$(TEST_HOST)";
				CODE_SIGN_STYLE = Automatic;
				CURRENT_PROJECT_VERSION = 1;
				GENERATE_INFOPLIST_FILE = YES;
				IPHONEOS_DEPLOYMENT_TARGET = 15.0;
				LD_RUNPATH_SEARCH_PATHS = (
					"$(inherited)",
					"@executable_path/Frameworks",
					"@loader_path/Frameworks",
				);
				MARKETING_VERSION = 1.0;
				PRODUCT_BUNDLE_IDENTIFIER = eunchan.SwipeGesturePageControlTests;
				PRODUCT_NAME = "$(TARGET_NAME)";
				SWIFT_EMIT_LOC_STRINGS = NO;
				SWIFT_VERSION = 5.0;
				TARGETED_DEVICE_FAMILY = "1,2";
				TEST_HOST = "$(BUILT_PRODUCTS_DIR)/SwipeGesturePageControl.app/SwipeGesturePageControl";
			};
			name = Debug;
		};
		182DA66327659888002ABC13 /* Release */ = {
			isa = XCBuildConfiguration;
			buildSettings = {
				ALWAYS_EMBED_SWIFT_STANDARD_LIBRARIES = YES;
				BUNDLE_LOADER = "$(TEST_HOST)";
				CODE_SIGN_STYLE = Automatic;
				CURRENT_PROJECT_VERSION = 1;
				GENERATE_INFOPLIST_FILE = YES;
				IPHONEOS_DEPLOYMENT_TARGET = 15.0;
				LD_RUNPATH_SEARCH_PATHS = (
					"$(inherited)",
					"@executable_path/Frameworks",
					"@loader_path/Frameworks",
				);
				MARKETING_VERSION = 1.0;
				PRODUCT_BUNDLE_IDENTIFIER = eunchan.SwipeGesturePageControlTests;
				PRODUCT_NAME = "$(TARGET_NAME)";
				SWIFT_EMIT_LOC_STRINGS = NO;
				SWIFT_VERSION = 5.0;
				TARGETED_DEVICE_FAMILY = "1,2";
				TEST_HOST = "$(BUILT_PRODUCTS_DIR)/SwipeGesturePageControl.app/SwipeGesturePageControl";
			};
			name = Release;
		};
		182DA66527659888002ABC13 /* Debug */ = {
			isa = XCBuildConfiguration;
			buildSettings = {
				ALWAYS_EMBED_SWIFT_STANDARD_LIBRARIES = YES;
				CODE_SIGN_STYLE = Automatic;
				CURRENT_PROJECT_VERSION = 1;
				GENERATE_INFOPLIST_FILE = YES;
				LD_RUNPATH_SEARCH_PATHS = (
					"$(inherited)",
					"@executable_path/Frameworks",
					"@loader_path/Frameworks",
				);
				MARKETING_VERSION = 1.0;
				PRODUCT_BUNDLE_IDENTIFIER = eunchan.SwipeGesturePageControlUITests;
				PRODUCT_NAME = "$(TARGET_NAME)";
				SWIFT_EMIT_LOC_STRINGS = NO;
				SWIFT_VERSION = 5.0;
				TARGETED_DEVICE_FAMILY = "1,2";
				TEST_TARGET_NAME = SwipeGesturePageControl;
			};
			name = Debug;
		};
		182DA66627659888002ABC13 /* Release */ = {
			isa = XCBuildConfiguration;
			buildSettings = {
				ALWAYS_EMBED_SWIFT_STANDARD_LIBRARIES = YES;
				CODE_SIGN_STYLE = Automatic;
				CURRENT_PROJECT_VERSION = 1;
				GENERATE_INFOPLIST_FILE = YES;
				LD_RUNPATH_SEARCH_PATHS = (
					"$(inherited)",
					"@executable_path/Frameworks",
					"@loader_path/Frameworks",
				);
				MARKETING_VERSION = 1.0;
				PRODUCT_BUNDLE_IDENTIFIER = eunchan.SwipeGesturePageControlUITests;
				PRODUCT_NAME = "$(TARGET_NAME)";
				SWIFT_EMIT_LOC_STRINGS = NO;
				SWIFT_VERSION = 5.0;
				TARGETED_DEVICE_FAMILY = "1,2";
				TEST_TARGET_NAME = SwipeGesturePageControl;
			};
			name = Release;
		};
/* End XCBuildConfiguration section */

/* Begin XCConfigurationList section */
		182DA62F27659887002ABC13 /* Build configuration list for PBXProject "SwipeGesturePageControl" */ = {
			isa = XCConfigurationList;
			buildConfigurations = (
				182DA65C27659888002ABC13 /* Debug */,
				182DA65D27659888002ABC13 /* Release */,
			);
			defaultConfigurationIsVisible = 0;
			defaultConfigurationName = Release;
		};
		182DA65E27659888002ABC13 /* Build configuration list for PBXNativeTarget "SwipeGesturePageControl" */ = {
			isa = XCConfigurationList;
			buildConfigurations = (
				182DA65F27659888002ABC13 /* Debug */,
				182DA66027659888002ABC13 /* Release */,
			);
			defaultConfigurationIsVisible = 0;
			defaultConfigurationName = Release;
		};
		182DA66127659888002ABC13 /* Build configuration list for PBXNativeTarget "SwipeGesturePageControlTests" */ = {
			isa = XCConfigurationList;
			buildConfigurations = (
				182DA66227659888002ABC13 /* Debug */,
				182DA66327659888002ABC13 /* Release */,
			);
			defaultConfigurationIsVisible = 0;
			defaultConfigurationName = Release;
		};
		182DA66427659888002ABC13 /* Build configuration list for PBXNativeTarget "SwipeGesturePageControlUITests" */ = {
			isa = XCConfigurationList;
			buildConfigurations = (
				182DA66527659888002ABC13 /* Debug */,
				182DA66627659888002ABC13 /* Release */,
			);
			defaultConfigurationIsVisible = 0;
			defaultConfigurationName = Release;
		};
/* End XCConfigurationList section */
	};
	rootObject = 182DA62C27659887002ABC13 /* Project object */;
}
