// !$*UTF8*$!
{
	archiveVersion = 1;
	classes = {
	};
	objectVersion = 55;
	objects = {

/* Begin PBXBuildFile section */
		189BE59C2748919800D6013F /* AppDelegate.swift in Sources */ = {isa = PBXBuildFile; fileRef = 189BE59B2748919800D6013F /* AppDelegate.swift */; };
		189BE59E2748919800D6013F /* SceneDelegate.swift in Sources */ = {isa = PBXBuildFile; fileRef = 189BE59D2748919800D6013F /* SceneDelegate.swift */; };
		189BE5A02748919800D6013F /* ViewController.swift in Sources */ = {isa = PBXBuildFile; fileRef = 189BE59F2748919800D6013F /* ViewController.swift */; };
		189BE5A32748919800D6013F /* Main.storyboard in Resources */ = {isa = PBXBuildFile; fileRef = 189BE5A12748919800D6013F /* Main.storyboard */; };
		189BE5A52748919900D6013F /* Assets.xcassets in Resources */ = {isa = PBXBuildFile; fileRef = 189BE5A42748919900D6013F /* Assets.xcassets */; };
		189BE5A82748919900D6013F /* LaunchScreen.storyboard in Resources */ = {isa = PBXBuildFile; fileRef = 189BE5A62748919900D6013F /* LaunchScreen.storyboard */; };
		189BE5B32748919900D6013F /* Quiz061Tests.swift in Sources */ = {isa = PBXBuildFile; fileRef = 189BE5B22748919900D6013F /* Quiz061Tests.swift */; };
		189BE5BD2748919900D6013F /* Quiz061UITests.swift in Sources */ = {isa = PBXBuildFile; fileRef = 189BE5BC2748919900D6013F /* Quiz061UITests.swift */; };
		189BE5BF2748919900D6013F /* Quiz061UITestsLaunchTests.swift in Sources */ = {isa = PBXBuildFile; fileRef = 189BE5BE2748919900D6013F /* Quiz061UITestsLaunchTests.swift */; };
/* End PBXBuildFile section */

/* Begin PBXContainerItemProxy section */
		189BE5AF2748919900D6013F /* PBXContainerItemProxy */ = {
			isa = PBXContainerItemProxy;
			containerPortal = 189BE5902748919800D6013F /* Project object */;
			proxyType = 1;
			remoteGlobalIDString = 189BE5972748919800D6013F;
			remoteInfo = Quiz061;
		};
		189BE5B92748919900D6013F /* PBXContainerItemProxy */ = {
			isa = PBXContainerItemProxy;
			containerPortal = 189BE5902748919800D6013F /* Project object */;
			proxyType = 1;
			remoteGlobalIDString = 189BE5972748919800D6013F;
			remoteInfo = Quiz061;
		};
/* End PBXContainerItemProxy section */

/* Begin PBXFileReference section */
		189BE5982748919800D6013F /* Quiz061.app */ = {isa = PBXFileReference; explicitFileType = wrapper.application; includeInIndex = 0; path = Quiz061.app; sourceTree = BUILT_PRODUCTS_DIR; };
		189BE59B2748919800D6013F /* AppDelegate.swift */ = {isa = PBXFileReference; lastKnownFileType = sourcecode.swift; path = AppDelegate.swift; sourceTree = "<group>"; };
		189BE59D2748919800D6013F /* SceneDelegate.swift */ = {isa = PBXFileReference; lastKnownFileType = sourcecode.swift; path = SceneDelegate.swift; sourceTree = "<group>"; };
		189BE59F2748919800D6013F /* ViewController.swift */ = {isa = PBXFileReference; lastKnownFileType = sourcecode.swift; path = ViewController.swift; sourceTree = "<group>"; };
		189BE5A22748919800D6013F /* Base */ = {isa = PBXFileReference; lastKnownFileType = file.storyboard; name = Base; path = Base.lproj/Main.storyboard; sourceTree = "<group>"; };
		189BE5A42748919900D6013F /* Assets.xcassets */ = {isa = PBXFileReference; lastKnownFileType = folder.assetcatalog; path = Assets.xcassets; sourceTree = "<group>"; };
		189BE5A72748919900D6013F /* Base */ = {isa = PBXFileReference; lastKnownFileType = file.storyboard; name = Base; path = Base.lproj/LaunchScreen.storyboard; sourceTree = "<group>"; };
		189BE5A92748919900D6013F /* Info.plist */ = {isa = PBXFileReference; lastKnownFileType = text.plist.xml; path = Info.plist; sourceTree = "<group>"; };
		189BE5AE2748919900D6013F /* Quiz061Tests.xctest */ = {isa = PBXFileReference; explicitFileType = wrapper.cfbundle; includeInIndex = 0; path = Quiz061Tests.xctest; sourceTree = BUILT_PRODUCTS_DIR; };
		189BE5B22748919900D6013F /* Quiz061Tests.swift */ = {isa = PBXFileReference; lastKnownFileType = sourcecode.swift; path = Quiz061Tests.swift; sourceTree = "<group>"; };
		189BE5B82748919900D6013F /* Quiz061UITests.xctest */ = {isa = PBXFileReference; explicitFileType = wrapper.cfbundle; includeInIndex = 0; path = Quiz061UITests.xctest; sourceTree = BUILT_PRODUCTS_DIR; };
		189BE5BC2748919900D6013F /* Quiz061UITests.swift */ = {isa = PBXFileReference; lastKnownFileType = sourcecode.swift; path = Quiz061UITests.swift; sourceTree = "<group>"; };
		189BE5BE2748919900D6013F /* Quiz061UITestsLaunchTests.swift */ = {isa = PBXFileReference; lastKnownFileType = sourcecode.swift; path = Quiz061UITestsLaunchTests.swift; sourceTree = "<group>"; };
/* End PBXFileReference section */

/* Begin PBXFrameworksBuildPhase section */
		189BE5952748919800D6013F /* Frameworks */ = {
			isa = PBXFrameworksBuildPhase;
			buildActionMask = 2147483647;
			files = (
			);
			runOnlyForDeploymentPostprocessing = 0;
		};
		189BE5AB2748919900D6013F /* Frameworks */ = {
			isa = PBXFrameworksBuildPhase;
			buildActionMask = 2147483647;
			files = (
			);
			runOnlyForDeploymentPostprocessing = 0;
		};
		189BE5B52748919900D6013F /* Frameworks */ = {
			isa = PBXFrameworksBuildPhase;
			buildActionMask = 2147483647;
			files = (
			);
			runOnlyForDeploymentPostprocessing = 0;
		};
/* End PBXFrameworksBuildPhase section */

/* Begin PBXGroup section */
		189BE58F2748919800D6013F = {
			isa = PBXGroup;
			children = (
				189BE59A2748919800D6013F /* Quiz061 */,
				189BE5B12748919900D6013F /* Quiz061Tests */,
				189BE5BB2748919900D6013F /* Quiz061UITests */,
				189BE5992748919800D6013F /* Products */,
			);
			sourceTree = "<group>";
		};
		189BE5992748919800D6013F /* Products */ = {
			isa = PBXGroup;
			children = (
				189BE5982748919800D6013F /* Quiz061.app */,
				189BE5AE2748919900D6013F /* Quiz061Tests.xctest */,
				189BE5B82748919900D6013F /* Quiz061UITests.xctest */,
			);
			name = Products;
			sourceTree = "<group>";
		};
		189BE59A2748919800D6013F /* Quiz061 */ = {
			isa = PBXGroup;
			children = (
				189BE59B2748919800D6013F /* AppDelegate.swift */,
				189BE59D2748919800D6013F /* SceneDelegate.swift */,
				189BE59F2748919800D6013F /* ViewController.swift */,
				189BE5A12748919800D6013F /* Main.storyboard */,
				189BE5A42748919900D6013F /* Assets.xcassets */,
				189BE5A62748919900D6013F /* LaunchScreen.storyboard */,
				189BE5A92748919900D6013F /* Info.plist */,
			);
			path = Quiz061;
			sourceTree = "<group>";
		};
		189BE5B12748919900D6013F /* Quiz061Tests */ = {
			isa = PBXGroup;
			children = (
				189BE5B22748919900D6013F /* Quiz061Tests.swift */,
			);
			path = Quiz061Tests;
			sourceTree = "<group>";
		};
		189BE5BB2748919900D6013F /* Quiz061UITests */ = {
			isa = PBXGroup;
			children = (
				189BE5BC2748919900D6013F /* Quiz061UITests.swift */,
				189BE5BE2748919900D6013F /* Quiz061UITestsLaunchTests.swift */,
			);
			path = Quiz061UITests;
			sourceTree = "<group>";
		};
/* End PBXGroup section */

/* Begin PBXNativeTarget section */
		189BE5972748919800D6013F /* Quiz061 */ = {
			isa = PBXNativeTarget;
			buildConfigurationList = 189BE5C22748919900D6013F /* Build configuration list for PBXNativeTarget "Quiz061" */;
			buildPhases = (
				189BE5942748919800D6013F /* Sources */,
				189BE5952748919800D6013F /* Frameworks */,
				189BE5962748919800D6013F /* Resources */,
			);
			buildRules = (
			);
			dependencies = (
			);
			name = Quiz061;
			productName = Quiz061;
			productReference = 189BE5982748919800D6013F /* Quiz061.app */;
			productType = "com.apple.product-type.application";
		};
		189BE5AD2748919900D6013F /* Quiz061Tests */ = {
			isa = PBXNativeTarget;
			buildConfigurationList = 189BE5C52748919900D6013F /* Build configuration list for PBXNativeTarget "Quiz061Tests" */;
			buildPhases = (
				189BE5AA2748919900D6013F /* Sources */,
				189BE5AB2748919900D6013F /* Frameworks */,
				189BE5AC2748919900D6013F /* Resources */,
			);
			buildRules = (
			);
			dependencies = (
				189BE5B02748919900D6013F /* PBXTargetDependency */,
			);
			name = Quiz061Tests;
			productName = Quiz061Tests;
			productReference = 189BE5AE2748919900D6013F /* Quiz061Tests.xctest */;
			productType = "com.apple.product-type.bundle.unit-test";
		};
		189BE5B72748919900D6013F /* Quiz061UITests */ = {
			isa = PBXNativeTarget;
			buildConfigurationList = 189BE5C82748919900D6013F /* Build configuration list for PBXNativeTarget "Quiz061UITests" */;
			buildPhases = (
				189BE5B42748919900D6013F /* Sources */,
				189BE5B52748919900D6013F /* Frameworks */,
				189BE5B62748919900D6013F /* Resources */,
			);
			buildRules = (
			);
			dependencies = (
				189BE5BA2748919900D6013F /* PBXTargetDependency */,
			);
			name = Quiz061UITests;
			productName = Quiz061UITests;
			productReference = 189BE5B82748919900D6013F /* Quiz061UITests.xctest */;
			productType = "com.apple.product-type.bundle.ui-testing";
		};
/* End PBXNativeTarget section */

/* Begin PBXProject section */
		189BE5902748919800D6013F /* Project object */ = {
			isa = PBXProject;
			attributes = {
				BuildIndependentTargetsInParallel = 1;
				LastSwiftUpdateCheck = 1310;
				LastUpgradeCheck = 1310;
				TargetAttributes = {
					189BE5972748919800D6013F = {
						CreatedOnToolsVersion = 13.1;
					};
					189BE5AD2748919900D6013F = {
						CreatedOnToolsVersion = 13.1;
						TestTargetID = 189BE5972748919800D6013F;
					};
					189BE5B72748919900D6013F = {
						CreatedOnToolsVersion = 13.1;
						TestTargetID = 189BE5972748919800D6013F;
					};
				};
			};
			buildConfigurationList = 189BE5932748919800D6013F /* Build configuration list for PBXProject "Quiz061" */;
			compatibilityVersion = "Xcode 13.0";
			developmentRegion = en;
			hasScannedForEncodings = 0;
			knownRegions = (
				en,
				Base,
			);
			mainGroup = 189BE58F2748919800D6013F;
			productRefGroup = 189BE5992748919800D6013F /* Products */;
			projectDirPath = "";
			projectRoot = "";
			targets = (
				189BE5972748919800D6013F /* Quiz061 */,
				189BE5AD2748919900D6013F /* Quiz061Tests */,
				189BE5B72748919900D6013F /* Quiz061UITests */,
			);
		};
/* End PBXProject section */

/* Begin PBXResourcesBuildPhase section */
		189BE5962748919800D6013F /* Resources */ = {
			isa = PBXResourcesBuildPhase;
			buildActionMask = 2147483647;
			files = (
				189BE5A82748919900D6013F /* LaunchScreen.storyboard in Resources */,
				189BE5A52748919900D6013F /* Assets.xcassets in Resources */,
				189BE5A32748919800D6013F /* Main.storyboard in Resources */,
			);
			runOnlyForDeploymentPostprocessing = 0;
		};
		189BE5AC2748919900D6013F /* Resources */ = {
			isa = PBXResourcesBuildPhase;
			buildActionMask = 2147483647;
			files = (
			);
			runOnlyForDeploymentPostprocessing = 0;
		};
		189BE5B62748919900D6013F /* Resources */ = {
			isa = PBXResourcesBuildPhase;
			buildActionMask = 2147483647;
			files = (
			);
			runOnlyForDeploymentPostprocessing = 0;
		};
/* End PBXResourcesBuildPhase section */

/* Begin PBXSourcesBuildPhase section */
		189BE5942748919800D6013F /* Sources */ = {
			isa = PBXSourcesBuildPhase;
			buildActionMask = 2147483647;
			files = (
				189BE5A02748919800D6013F /* ViewController.swift in Sources */,
				189BE59C2748919800D6013F /* AppDelegate.swift in Sources */,
				189BE59E2748919800D6013F /* SceneDelegate.swift in Sources */,
			);
			runOnlyForDeploymentPostprocessing = 0;
		};
		189BE5AA2748919900D6013F /* Sources */ = {
			isa = PBXSourcesBuildPhase;
			buildActionMask = 2147483647;
			files = (
				189BE5B32748919900D6013F /* Quiz061Tests.swift in Sources */,
			);
			runOnlyForDeploymentPostprocessing = 0;
		};
		189BE5B42748919900D6013F /* Sources */ = {
			isa = PBXSourcesBuildPhase;
			buildActionMask = 2147483647;
			files = (
				189BE5BD2748919900D6013F /* Quiz061UITests.swift in Sources */,
				189BE5BF2748919900D6013F /* Quiz061UITestsLaunchTests.swift in Sources */,
			);
			runOnlyForDeploymentPostprocessing = 0;
		};
/* End PBXSourcesBuildPhase section */

/* Begin PBXTargetDependency section */
		189BE5B02748919900D6013F /* PBXTargetDependency */ = {
			isa = PBXTargetDependency;
			target = 189BE5972748919800D6013F /* Quiz061 */;
			targetProxy = 189BE5AF2748919900D6013F /* PBXContainerItemProxy */;
		};
		189BE5BA2748919900D6013F /* PBXTargetDependency */ = {
			isa = PBXTargetDependency;
			target = 189BE5972748919800D6013F /* Quiz061 */;
			targetProxy = 189BE5B92748919900D6013F /* PBXContainerItemProxy */;
		};
/* End PBXTargetDependency section */

/* Begin PBXVariantGroup section */
		189BE5A12748919800D6013F /* Main.storyboard */ = {
			isa = PBXVariantGroup;
			children = (
				189BE5A22748919800D6013F /* Base */,
			);
			name = Main.storyboard;
			sourceTree = "<group>";
		};
		189BE5A62748919900D6013F /* LaunchScreen.storyboard */ = {
			isa = PBXVariantGroup;
			children = (
				189BE5A72748919900D6013F /* Base */,
			);
			name = LaunchScreen.storyboard;
			sourceTree = "<group>";
		};
/* End PBXVariantGroup section */

/* Begin XCBuildConfiguration section */
		189BE5C02748919900D6013F /* Debug */ = {
			isa = XCBuildConfiguration;
			buildSettings = {
				ALWAYS_SEARCH_USER_PATHS = NO;
				CLANG_ANALYZER_NONNULL = YES;
				CLANG_ANALYZER_NUMBER_OBJECT_CONVERSION = YES_AGGRESSIVE;
				CLANG_CXX_LANGUAGE_STANDARD = "gnu++17";
				CLANG_CXX_LIBRARY = "libc++";
				CLANG_ENABLE_MODULES = YES;
				CLANG_ENABLE_OBJC_ARC = YES;
				CLANG_ENABLE_OBJC_WEAK = YES;
				CLANG_WARN_BLOCK_CAPTURE_AUTORELEASING = YES;
				CLANG_WARN_BOOL_CONVERSION = YES;
				CLANG_WARN_COMMA = YES;
				CLANG_WARN_CONSTANT_CONVERSION = YES;
				CLANG_WARN_DEPRECATED_OBJC_IMPLEMENTATIONS = YES;
				CLANG_WARN_DIRECT_OBJC_ISA_USAGE = YES_ERROR;
				CLANG_WARN_DOCUMENTATION_COMMENTS = YES;
				CLANG_WARN_EMPTY_BODY = YES;
				CLANG_WARN_ENUM_CONVERSION = YES;
				CLANG_WARN_INFINITE_RECURSION = YES;
				CLANG_WARN_INT_CONVERSION = YES;
				CLANG_WARN_NON_LITERAL_NULL_CONVERSION = YES;
				CLANG_WARN_OBJC_IMPLICIT_RETAIN_SELF = YES;
				CLANG_WARN_OBJC_LITERAL_CONVERSION = YES;
				CLANG_WARN_OBJC_ROOT_CLASS = YES_ERROR;
				CLANG_WARN_QUOTED_INCLUDE_IN_FRAMEWORK_HEADER = YES;
				CLANG_WARN_RANGE_LOOP_ANALYSIS = YES;
				CLANG_WARN_STRICT_PROTOTYPES = YES;
				CLANG_WARN_SUSPICIOUS_MOVE = YES;
				CLANG_WARN_UNGUARDED_AVAILABILITY = YES_AGGRESSIVE;
				CLANG_WARN_UNREACHABLE_CODE = YES;
				CLANG_WARN__DUPLICATE_METHOD_MATCH = YES;
				COPY_PHASE_STRIP = NO;
				DEBUG_INFORMATION_FORMAT = dwarf;
				ENABLE_STRICT_OBJC_MSGSEND = YES;
				ENABLE_TESTABILITY = YES;
				GCC_C_LANGUAGE_STANDARD = gnu11;
				GCC_DYNAMIC_NO_PIC = NO;
				GCC_NO_COMMON_BLOCKS = YES;
				GCC_OPTIMIZATION_LEVEL = 0;
				GCC_PREPROCESSOR_DEFINITIONS = (
					"DEBUG=1",
					"$(inherited)",
				);
				GCC_WARN_64_TO_32_BIT_CONVERSION = YES;
				GCC_WARN_ABOUT_RETURN_TYPE = YES_ERROR;
				GCC_WARN_UNDECLARED_SELECTOR = YES;
				GCC_WARN_UNINITIALIZED_AUTOS = YES_AGGRESSIVE;
				GCC_WARN_UNUSED_FUNCTION = YES;
				GCC_WARN_UNUSED_VARIABLE = YES;
				IPHONEOS_DEPLOYMENT_TARGET = 15.0;
				MTL_ENABLE_DEBUG_INFO = INCLUDE_SOURCE;
				MTL_FAST_MATH = YES;
				ONLY_ACTIVE_ARCH = YES;
				SDKROOT = iphoneos;
				SWIFT_ACTIVE_COMPILATION_CONDITIONS = DEBUG;
				SWIFT_OPTIMIZATION_LEVEL = "-Onone";
			};
			name = Debug;
		};
		189BE5C12748919900D6013F /* Release */ = {
			isa = XCBuildConfiguration;
			buildSettings = {
				ALWAYS_SEARCH_USER_PATHS = NO;
				CLANG_ANALYZER_NONNULL = YES;
				CLANG_ANALYZER_NUMBER_OBJECT_CONVERSION = YES_AGGRESSIVE;
				CLANG_CXX_LANGUAGE_STANDARD = "gnu++17";
				CLANG_CXX_LIBRARY = "libc++";
				CLANG_ENABLE_MODULES = YES;
				CLANG_ENABLE_OBJC_ARC = YES;
				CLANG_ENABLE_OBJC_WEAK = YES;
				CLANG_WARN_BLOCK_CAPTURE_AUTORELEASING = YES;
				CLANG_WARN_BOOL_CONVERSION = YES;
				CLANG_WARN_COMMA = YES;
				CLANG_WARN_CONSTANT_CONVERSION = YES;
				CLANG_WARN_DEPRECATED_OBJC_IMPLEMENTATIONS = YES;
				CLANG_WARN_DIRECT_OBJC_ISA_USAGE = YES_ERROR;
				CLANG_WARN_DOCUMENTATION_COMMENTS = YES;
				CLANG_WARN_EMPTY_BODY = YES;
				CLANG_WARN_ENUM_CONVERSION = YES;
				CLANG_WARN_INFINITE_RECURSION = YES;
				CLANG_WARN_INT_CONVERSION = YES;
				CLANG_WARN_NON_LITERAL_NULL_CONVERSION = YES;
				CLANG_WARN_OBJC_IMPLICIT_RETAIN_SELF = YES;
				CLANG_WARN_OBJC_LITERAL_CONVERSION = YES;
				CLANG_WARN_OBJC_ROOT_CLASS = YES_ERROR;
				CLANG_WARN_QUOTED_INCLUDE_IN_FRAMEWORK_HEADER = YES;
				CLANG_WARN_RANGE_LOOP_ANALYSIS = YES;
				CLANG_WARN_STRICT_PROTOTYPES = YES;
				CLANG_WARN_SUSPICIOUS_MOVE = YES;
				CLANG_WARN_UNGUARDED_AVAILABILITY = YES_AGGRESSIVE;
				CLANG_WARN_UNREACHABLE_CODE = YES;
				CLANG_WARN__DUPLICATE_METHOD_MATCH = YES;
				COPY_PHASE_STRIP = NO;
				DEBUG_INFORMATION_FORMAT = "dwarf-with-dsym";
				ENABLE_NS_ASSERTIONS = NO;
				ENABLE_STRICT_OBJC_MSGSEND = YES;
				GCC_C_LANGUAGE_STANDARD = gnu11;
				GCC_NO_COMMON_BLOCKS = YES;
				GCC_WARN_64_TO_32_BIT_CONVERSION = YES;
				GCC_WARN_ABOUT_RETURN_TYPE = YES_ERROR;
				GCC_WARN_UNDECLARED_SELECTOR = YES;
				GCC_WARN_UNINITIALIZED_AUTOS = YES_AGGRESSIVE;
				GCC_WARN_UNUSED_FUNCTION = YES;
				GCC_WARN_UNUSED_VARIABLE = YES;
				IPHONEOS_DEPLOYMENT_TARGET = 15.0;
				MTL_ENABLE_DEBUG_INFO = NO;
				MTL_FAST_MATH = YES;
				SDKROOT = iphoneos;
				SWIFT_COMPILATION_MODE = wholemodule;
				SWIFT_OPTIMIZATION_LEVEL = "-O";
				VALIDATE_PRODUCT = YES;
			};
			name = Release;
		};
		189BE5C32748919900D6013F /* Debug */ = {
			isa = XCBuildConfiguration;
			buildSettings = {
				ASSETCATALOG_COMPILER_APPICON_NAME = AppIcon;
				ASSETCATALOG_COMPILER_GLOBAL_ACCENT_COLOR_NAME = AccentColor;
				CODE_SIGN_STYLE = Automatic;
				CURRENT_PROJECT_VERSION = 1;
				GENERATE_INFOPLIST_FILE = YES;
				INFOPLIST_FILE = Quiz061/Info.plist;
				INFOPLIST_KEY_UIApplicationSupportsIndirectInputEvents = YES;
				INFOPLIST_KEY_UILaunchStoryboardName = LaunchScreen;
				INFOPLIST_KEY_UIMainStoryboardFile = Main;
				INFOPLIST_KEY_UISupportedInterfaceOrientations_iPad = "UIInterfaceOrientationPortrait UIInterfaceOrientationPortraitUpsideDown UIInterfaceOrientationLandscapeLeft UIInterfaceOrientationLandscapeRight";
				INFOPLIST_KEY_UISupportedInterfaceOrientations_iPhone = "UIInterfaceOrientationPortrait UIInterfaceOrientationLandscapeLeft UIInterfaceOrientationLandscapeRight";
				LD_RUNPATH_SEARCH_PATHS = (
					"$(inherited)",
					"@executable_path/Frameworks",
				);
				MARKETING_VERSION = 1.0;
				PRODUCT_BUNDLE_IDENTIFIER = joeun.Quiz061;
				PRODUCT_NAME = "$(TARGET_NAME)";
				SWIFT_EMIT_LOC_STRINGS = YES;
				SWIFT_VERSION = 5.0;
				TARGETED_DEVICE_FAMILY = "1,2";
			};
			name = Debug;
		};
		189BE5C42748919900D6013F /* Release */ = {
			isa = XCBuildConfiguration;
			buildSettings = {
				ASSETCATALOG_COMPILER_APPICON_NAME = AppIcon;
				ASSETCATALOG_COMPILER_GLOBAL_ACCENT_COLOR_NAME = AccentColor;
				CODE_SIGN_STYLE = Automatic;
				CURRENT_PROJECT_VERSION = 1;
				GENERATE_INFOPLIST_FILE = YES;
				INFOPLIST_FILE = Quiz061/Info.plist;
				INFOPLIST_KEY_UIApplicationSupportsIndirectInputEvents = YES;
				INFOPLIST_KEY_UILaunchStoryboardName = LaunchScreen;
				INFOPLIST_KEY_UIMainStoryboardFile = Main;
				INFOPLIST_KEY_UISupportedInterfaceOrientations_iPad = "UIInterfaceOrientationPortrait UIInterfaceOrientationPortraitUpsideDown UIInterfaceOrientationLandscapeLeft UIInterfaceOrientationLandscapeRight";
				INFOPLIST_KEY_UISupportedInterfaceOrientations_iPhone = "UIInterfaceOrientationPortrait UIInterfaceOrientationLandscapeLeft UIInterfaceOrientationLandscapeRight";
				LD_RUNPATH_SEARCH_PATHS = (
					"$(inherited)",
					"@executable_path/Frameworks",
				);
				MARKETING_VERSION = 1.0;
				PRODUCT_BUNDLE_IDENTIFIER = joeun.Quiz061;
				PRODUCT_NAME = "$(TARGET_NAME)";
				SWIFT_EMIT_LOC_STRINGS = YES;
				SWIFT_VERSION = 5.0;
				TARGETED_DEVICE_FAMILY = "1,2";
			};
			name = Release;
		};
		189BE5C62748919900D6013F /* Debug */ = {
			isa = XCBuildConfiguration;
			buildSettings = {
				ALWAYS_EMBED_SWIFT_STANDARD_LIBRARIES = YES;
				BUNDLE_LOADER = "$(TEST_HOST)";
				CODE_SIGN_STYLE = Automatic;
				CURRENT_PROJECT_VERSION = 1;
				GENERATE_INFOPLIST_FILE = YES;
				IPHONEOS_DEPLOYMENT_TARGET = 15.0;
				LD_RUNPATH_SEARCH_PATHS = (
					"$(inherited)",
					"@executable_path/Frameworks",
					"@loader_path/Frameworks",
				);
				MARKETING_VERSION = 1.0;
				PRODUCT_BUNDLE_IDENTIFIER = joeun.Quiz061Tests;
				PRODUCT_NAME = "$(TARGET_NAME)";
				SWIFT_EMIT_LOC_STRINGS = NO;
				SWIFT_VERSION = 5.0;
				TARGETED_DEVICE_FAMILY = "1,2";
				TEST_HOST = "$(BUILT_PRODUCTS_DIR)/Quiz061.app/Quiz061";
			};
			name = Debug;
		};
		189BE5C72748919900D6013F /* Release */ = {
			isa = XCBuildConfiguration;
			buildSettings = {
				ALWAYS_EMBED_SWIFT_STANDARD_LIBRARIES = YES;
				BUNDLE_LOADER = "$(TEST_HOST)";
				CODE_SIGN_STYLE = Automatic;
				CURRENT_PROJECT_VERSION = 1;
				GENERATE_INFOPLIST_FILE = YES;
				IPHONEOS_DEPLOYMENT_TARGET = 15.0;
				LD_RUNPATH_SEARCH_PATHS = (
					"$(inherited)",
					"@executable_path/Frameworks",
					"@loader_path/Frameworks",
				);
				MARKETING_VERSION = 1.0;
				PRODUCT_BUNDLE_IDENTIFIER = joeun.Quiz061Tests;
				PRODUCT_NAME = "$(TARGET_NAME)";
				SWIFT_EMIT_LOC_STRINGS = NO;
				SWIFT_VERSION = 5.0;
				TARGETED_DEVICE_FAMILY = "1,2";
				TEST_HOST = "$(BUILT_PRODUCTS_DIR)/Quiz061.app/Quiz061";
			};
			name = Release;
		};
		189BE5C92748919900D6013F /* Debug */ = {
			isa = XCBuildConfiguration;
			buildSettings = {
				ALWAYS_EMBED_SWIFT_STANDARD_LIBRARIES = YES;
				CODE_SIGN_STYLE = Automatic;
				CURRENT_PROJECT_VERSION = 1;
				GENERATE_INFOPLIST_FILE = YES;
				LD_RUNPATH_SEARCH_PATHS = (
					"$(inherited)",
					"@executable_path/Frameworks",
					"@loader_path/Frameworks",
				);
				MARKETING_VERSION = 1.0;
				PRODUCT_BUNDLE_IDENTIFIER = joeun.Quiz061UITests;
				PRODUCT_NAME = "$(TARGET_NAME)";
				SWIFT_EMIT_LOC_STRINGS = NO;
				SWIFT_VERSION = 5.0;
				TARGETED_DEVICE_FAMILY = "1,2";
				TEST_TARGET_NAME = Quiz061;
			};
			name = Debug;
		};
		189BE5CA2748919900D6013F /* Release */ = {
			isa = XCBuildConfiguration;
			buildSettings = {
				ALWAYS_EMBED_SWIFT_STANDARD_LIBRARIES = YES;
				CODE_SIGN_STYLE = Automatic;
				CURRENT_PROJECT_VERSION = 1;
				GENERATE_INFOPLIST_FILE = YES;
				LD_RUNPATH_SEARCH_PATHS = (
					"$(inherited)",
					"@executable_path/Frameworks",
					"@loader_path/Frameworks",
				);
				MARKETING_VERSION = 1.0;
				PRODUCT_BUNDLE_IDENTIFIER = joeun.Quiz061UITests;
				PRODUCT_NAME = "$(TARGET_NAME)";
				SWIFT_EMIT_LOC_STRINGS = NO;
				SWIFT_VERSION = 5.0;
				TARGETED_DEVICE_FAMILY = "1,2";
				TEST_TARGET_NAME = Quiz061;
			};
			name = Release;
		};
/* End XCBuildConfiguration section */

/* Begin XCConfigurationList section */
		189BE5932748919800D6013F /* Build configuration list for PBXProject "Quiz061" */ = {
			isa = XCConfigurationList;
			buildConfigurations = (
				189BE5C02748919900D6013F /* Debug */,
				189BE5C12748919900D6013F /* Release */,
			);
			defaultConfigurationIsVisible = 0;
			defaultConfigurationName = Release;
		};
		189BE5C22748919900D6013F /* Build configuration list for PBXNativeTarget "Quiz061" */ = {
			isa = XCConfigurationList;
			buildConfigurations = (
				189BE5C32748919900D6013F /* Debug */,
				189BE5C42748919900D6013F /* Release */,
			);
			defaultConfigurationIsVisible = 0;
			defaultConfigurationName = Release;
		};
		189BE5C52748919900D6013F /* Build configuration list for PBXNativeTarget "Quiz061Tests" */ = {
			isa = XCConfigurationList;
			buildConfigurations = (
				189BE5C62748919900D6013F /* Debug */,
				189BE5C72748919900D6013F /* Release */,
			);
			defaultConfigurationIsVisible = 0;
			defaultConfigurationName = Release;
		};
		189BE5C82748919900D6013F /* Build configuration list for PBXNativeTarget "Quiz061UITests" */ = {
			isa = XCConfigurationList;
			buildConfigurations = (
				189BE5C92748919900D6013F /* Debug */,
				189BE5CA2748919900D6013F /* Release */,
			);
			defaultConfigurationIsVisible = 0;
			defaultConfigurationName = Release;
		};
/* End XCConfigurationList section */
	};
	rootObject = 189BE5902748919800D6013F /* Project object */;
}
