// !$*UTF8*$!
{
	archiveVersion = 1;
	classes = {
	};
	objectVersion = 55;
	objects = {

/* Begin PBXBuildFile section */
		182DA6EC2765B3A5002ABC13 /* AppDelegate.swift in Sources */ = {isa = PBXBuildFile; fileRef = 182DA6EB2765B3A5002ABC13 /* AppDelegate.swift */; };
		182DA6EE2765B3A5002ABC13 /* SceneDelegate.swift in Sources */ = {isa = PBXBuildFile; fileRef = 182DA6ED2765B3A5002ABC13 /* SceneDelegate.swift */; };
		182DA6F02765B3A5002ABC13 /* ViewController.swift in Sources */ = {isa = PBXBuildFile; fileRef = 182DA6EF2765B3A5002ABC13 /* ViewController.swift */; };
		182DA6F32765B3A5002ABC13 /* Main.storyboard in Resources */ = {isa = PBXBuildFile; fileRef = 182DA6F12765B3A5002ABC13 /* Main.storyboard */; };
		182DA6F52765B3A6002ABC13 /* Assets.xcassets in Resources */ = {isa = PBXBuildFile; fileRef = 182DA6F42765B3A6002ABC13 /* Assets.xcassets */; };
		182DA6F82765B3A6002ABC13 /* LaunchScreen.storyboard in Resources */ = {isa = PBXBuildFile; fileRef = 182DA6F62765B3A6002ABC13 /* LaunchScreen.storyboard */; };
		182DA7032765B3A6002ABC13 /* TabBarTests.swift in Sources */ = {isa = PBXBuildFile; fileRef = 182DA7022765B3A6002ABC13 /* TabBarTests.swift */; };
		182DA70D2765B3A6002ABC13 /* TabBarUITests.swift in Sources */ = {isa = PBXBuildFile; fileRef = 182DA70C2765B3A6002ABC13 /* TabBarUITests.swift */; };
		182DA70F2765B3A6002ABC13 /* TabBarUITestsLaunchTests.swift in Sources */ = {isa = PBXBuildFile; fileRef = 182DA70E2765B3A6002ABC13 /* TabBarUITestsLaunchTests.swift */; };
		182DA71C2765B5EB002ABC13 /* AlertViewController.swift in Sources */ = {isa = PBXBuildFile; fileRef = 182DA71B2765B5EB002ABC13 /* AlertViewController.swift */; };
		182DA71E2765B853002ABC13 /* DatePickerViewController.swift in Sources */ = {isa = PBXBuildFile; fileRef = 182DA71D2765B853002ABC13 /* DatePickerViewController.swift */; };
/* End PBXBuildFile section */

/* Begin PBXContainerItemProxy section */
		182DA6FF2765B3A6002ABC13 /* PBXContainerItemProxy */ = {
			isa = PBXContainerItemProxy;
			containerPortal = 182DA6E02765B3A4002ABC13 /* Project object */;
			proxyType = 1;
			remoteGlobalIDString = 182DA6E72765B3A5002ABC13;
			remoteInfo = TabBar;
		};
		182DA7092765B3A6002ABC13 /* PBXContainerItemProxy */ = {
			isa = PBXContainerItemProxy;
			containerPortal = 182DA6E02765B3A4002ABC13 /* Project object */;
			proxyType = 1;
			remoteGlobalIDString = 182DA6E72765B3A5002ABC13;
			remoteInfo = TabBar;
		};
/* End PBXContainerItemProxy section */

/* Begin PBXFileReference section */
		182DA6E82765B3A5002ABC13 /* TabBar.app */ = {isa = PBXFileReference; explicitFileType = wrapper.application; includeInIndex = 0; path = TabBar.app; sourceTree = BUILT_PRODUCTS_DIR; };
		182DA6EB2765B3A5002ABC13 /* AppDelegate.swift */ = {isa = PBXFileReference; lastKnownFileType = sourcecode.swift; path = AppDelegate.swift; sourceTree = "<group>"; };
		182DA6ED2765B3A5002ABC13 /* SceneDelegate.swift */ = {isa = PBXFileReference; lastKnownFileType = sourcecode.swift; path = SceneDelegate.swift; sourceTree = "<group>"; };
		182DA6EF2765B3A5002ABC13 /* ViewController.swift */ = {isa = PBXFileReference; lastKnownFileType = sourcecode.swift; path = ViewController.swift; sourceTree = "<group>"; };
		182DA6F22765B3A5002ABC13 /* Base */ = {isa = PBXFileReference; lastKnownFileType = file.storyboard; name = Base; path = Base.lproj/Main.storyboard; sourceTree = "<group>"; };
		182DA6F42765B3A6002ABC13 /* Assets.xcassets */ = {isa = PBXFileReference; lastKnownFileType = folder.assetcatalog; path = Assets.xcassets; sourceTree = "<group>"; };
		182DA6F72765B3A6002ABC13 /* Base */ = {isa = PBXFileReference; lastKnownFileType = file.storyboard; name = Base; path = Base.lproj/LaunchScreen.storyboard; sourceTree = "<group>"; };
		182DA6F92765B3A6002ABC13 /* Info.plist */ = {isa = PBXFileReference; lastKnownFileType = text.plist.xml; path = Info.plist; sourceTree = "<group>"; };
		182DA6FE2765B3A6002ABC13 /* TabBarTests.xctest */ = {isa = PBXFileReference; explicitFileType = wrapper.cfbundle; includeInIndex = 0; path = TabBarTests.xctest; sourceTree = BUILT_PRODUCTS_DIR; };
		182DA7022765B3A6002ABC13 /* TabBarTests.swift */ = {isa = PBXFileReference; lastKnownFileType = sourcecode.swift; path = TabBarTests.swift; sourceTree = "<group>"; };
		182DA7082765B3A6002ABC13 /* TabBarUITests.xctest */ = {isa = PBXFileReference; explicitFileType = wrapper.cfbundle; includeInIndex = 0; path = TabBarUITests.xctest; sourceTree = BUILT_PRODUCTS_DIR; };
		182DA70C2765B3A6002ABC13 /* TabBarUITests.swift */ = {isa = PBXFileReference; lastKnownFileType = sourcecode.swift; path = TabBarUITests.swift; sourceTree = "<group>"; };
		182DA70E2765B3A6002ABC13 /* TabBarUITestsLaunchTests.swift */ = {isa = PBXFileReference; lastKnownFileType = sourcecode.swift; path = TabBarUITestsLaunchTests.swift; sourceTree = "<group>"; };
		182DA71B2765B5EB002ABC13 /* AlertViewController.swift */ = {isa = PBXFileReference; fileEncoding = 4; lastKnownFileType = sourcecode.swift; path = AlertViewController.swift; sourceTree = "<group>"; };
		182DA71D2765B853002ABC13 /* DatePickerViewController.swift */ = {isa = PBXFileReference; fileEncoding = 4; lastKnownFileType = sourcecode.swift; name = DatePickerViewController.swift; path = ../../DatePicker/DatePicker/DatePickerViewController.swift; sourceTree = "<group>"; };
/* End PBXFileReference section */

/* Begin PBXFrameworksBuildPhase section */
		182DA6E52765B3A5002ABC13 /* Frameworks */ = {
			isa = PBXFrameworksBuildPhase;
			buildActionMask = 2147483647;
			files = (
			);
			runOnlyForDeploymentPostprocessing = 0;
		};
		182DA6FB2765B3A6002ABC13 /* Frameworks */ = {
			isa = PBXFrameworksBuildPhase;
			buildActionMask = 2147483647;
			files = (
			);
			runOnlyForDeploymentPostprocessing = 0;
		};
		182DA7052765B3A6002ABC13 /* Frameworks */ = {
			isa = PBXFrameworksBuildPhase;
			buildActionMask = 2147483647;
			files = (
			);
			runOnlyForDeploymentPostprocessing = 0;
		};
/* End PBXFrameworksBuildPhase section */

/* Begin PBXGroup section */
		182DA6DF2765B3A4002ABC13 = {
			isa = PBXGroup;
			children = (
				182DA6EA2765B3A5002ABC13 /* TabBar */,
				182DA7012765B3A6002ABC13 /* TabBarTests */,
				182DA70B2765B3A6002ABC13 /* TabBarUITests */,
				182DA6E92765B3A5002ABC13 /* Products */,
			);
			sourceTree = "<group>";
		};
		182DA6E92765B3A5002ABC13 /* Products */ = {
			isa = PBXGroup;
			children = (
				182DA6E82765B3A5002ABC13 /* TabBar.app */,
				182DA6FE2765B3A6002ABC13 /* TabBarTests.xctest */,
				182DA7082765B3A6002ABC13 /* TabBarUITests.xctest */,
			);
			name = Products;
			sourceTree = "<group>";
		};
		182DA6EA2765B3A5002ABC13 /* TabBar */ = {
			isa = PBXGroup;
			children = (
				182DA71B2765B5EB002ABC13 /* AlertViewController.swift */,
				182DA6EB2765B3A5002ABC13 /* AppDelegate.swift */,
				182DA6ED2765B3A5002ABC13 /* SceneDelegate.swift */,
				182DA6EF2765B3A5002ABC13 /* ViewController.swift */,
				182DA71D2765B853002ABC13 /* DatePickerViewController.swift */,
				182DA6F12765B3A5002ABC13 /* Main.storyboard */,
				182DA6F42765B3A6002ABC13 /* Assets.xcassets */,
				182DA6F62765B3A6002ABC13 /* LaunchScreen.storyboard */,
				182DA6F92765B3A6002ABC13 /* Info.plist */,
			);
			path = TabBar;
			sourceTree = "<group>";
		};
		182DA7012765B3A6002ABC13 /* TabBarTests */ = {
			isa = PBXGroup;
			children = (
				182DA7022765B3A6002ABC13 /* TabBarTests.swift */,
			);
			path = TabBarTests;
			sourceTree = "<group>";
		};
		182DA70B2765B3A6002ABC13 /* TabBarUITests */ = {
			isa = PBXGroup;
			children = (
				182DA70C2765B3A6002ABC13 /* TabBarUITests.swift */,
				182DA70E2765B3A6002ABC13 /* TabBarUITestsLaunchTests.swift */,
			);
			path = TabBarUITests;
			sourceTree = "<group>";
		};
/* End PBXGroup section */

/* Begin PBXNativeTarget section */
		182DA6E72765B3A5002ABC13 /* TabBar */ = {
			isa = PBXNativeTarget;
			buildConfigurationList = 182DA7122765B3A6002ABC13 /* Build configuration list for PBXNativeTarget "TabBar" */;
			buildPhases = (
				182DA6E42765B3A5002ABC13 /* Sources */,
				182DA6E52765B3A5002ABC13 /* Frameworks */,
				182DA6E62765B3A5002ABC13 /* Resources */,
			);
			buildRules = (
			);
			dependencies = (
			);
			name = TabBar;
			productName = TabBar;
			productReference = 182DA6E82765B3A5002ABC13 /* TabBar.app */;
			productType = "com.apple.product-type.application";
		};
		182DA6FD2765B3A6002ABC13 /* TabBarTests */ = {
			isa = PBXNativeTarget;
			buildConfigurationList = 182DA7152765B3A6002ABC13 /* Build configuration list for PBXNativeTarget "TabBarTests" */;
			buildPhases = (
				182DA6FA2765B3A6002ABC13 /* Sources */,
				182DA6FB2765B3A6002ABC13 /* Frameworks */,
				182DA6FC2765B3A6002ABC13 /* Resources */,
			);
			buildRules = (
			);
			dependencies = (
				182DA7002765B3A6002ABC13 /* PBXTargetDependency */,
			);
			name = TabBarTests;
			productName = TabBarTests;
			productReference = 182DA6FE2765B3A6002ABC13 /* TabBarTests.xctest */;
			productType = "com.apple.product-type.bundle.unit-test";
		};
		182DA7072765B3A6002ABC13 /* TabBarUITests */ = {
			isa = PBXNativeTarget;
			buildConfigurationList = 182DA7182765B3A6002ABC13 /* Build configuration list for PBXNativeTarget "TabBarUITests" */;
			buildPhases = (
				182DA7042765B3A6002ABC13 /* Sources */,
				182DA7052765B3A6002ABC13 /* Frameworks */,
				182DA7062765B3A6002ABC13 /* Resources */,
			);
			buildRules = (
			);
			dependencies = (
				182DA70A2765B3A6002ABC13 /* PBXTargetDependency */,
			);
			name = TabBarUITests;
			productName = TabBarUITests;
			productReference = 182DA7082765B3A6002ABC13 /* TabBarUITests.xctest */;
			productType = "com.apple.product-type.bundle.ui-testing";
		};
/* End PBXNativeTarget section */

/* Begin PBXProject section */
		182DA6E02765B3A4002ABC13 /* Project object */ = {
			isa = PBXProject;
			attributes = {
				BuildIndependentTargetsInParallel = 1;
				LastSwiftUpdateCheck = 1310;
				LastUpgradeCheck = 1310;
				TargetAttributes = {
					182DA6E72765B3A5002ABC13 = {
						CreatedOnToolsVersion = 13.1;
					};
					182DA6FD2765B3A6002ABC13 = {
						CreatedOnToolsVersion = 13.1;
						TestTargetID = 182DA6E72765B3A5002ABC13;
					};
					182DA7072765B3A6002ABC13 = {
						CreatedOnToolsVersion = 13.1;
						TestTargetID = 182DA6E72765B3A5002ABC13;
					};
				};
			};
			buildConfigurationList = 182DA6E32765B3A4002ABC13 /* Build configuration list for PBXProject "TabBar" */;
			compatibilityVersion = "Xcode 13.0";
			developmentRegion = en;
			hasScannedForEncodings = 0;
			knownRegions = (
				en,
				Base,
			);
			mainGroup = 182DA6DF2765B3A4002ABC13;
			productRefGroup = 182DA6E92765B3A5002ABC13 /* Products */;
			projectDirPath = "";
			projectRoot = "";
			targets = (
				182DA6E72765B3A5002ABC13 /* TabBar */,
				182DA6FD2765B3A6002ABC13 /* TabBarTests */,
				182DA7072765B3A6002ABC13 /* TabBarUITests */,
			);
		};
/* End PBXProject section */

/* Begin PBXResourcesBuildPhase section */
		182DA6E62765B3A5002ABC13 /* Resources */ = {
			isa = PBXResourcesBuildPhase;
			buildActionMask = 2147483647;
			files = (
				182DA6F82765B3A6002ABC13 /* LaunchScreen.storyboard in Resources */,
				182DA6F52765B3A6002ABC13 /* Assets.xcassets in Resources */,
				182DA6F32765B3A5002ABC13 /* Main.storyboard in Resources */,
			);
			runOnlyForDeploymentPostprocessing = 0;
		};
		182DA6FC2765B3A6002ABC13 /* Resources */ = {
			isa = PBXResourcesBuildPhase;
			buildActionMask = 2147483647;
			files = (
			);
			runOnlyForDeploymentPostprocessing = 0;
		};
		182DA7062765B3A6002ABC13 /* Resources */ = {
			isa = PBXResourcesBuildPhase;
			buildActionMask = 2147483647;
			files = (
			);
			runOnlyForDeploymentPostprocessing = 0;
		};
/* End PBXResourcesBuildPhase section */

/* Begin PBXSourcesBuildPhase section */
		182DA6E42765B3A5002ABC13 /* Sources */ = {
			isa = PBXSourcesBuildPhase;
			buildActionMask = 2147483647;
			files = (
				182DA6F02765B3A5002ABC13 /* ViewController.swift in Sources */,
				182DA71E2765B853002ABC13 /* DatePickerViewController.swift in Sources */,
				182DA6EC2765B3A5002ABC13 /* AppDelegate.swift in Sources */,
				182DA6EE2765B3A5002ABC13 /* SceneDelegate.swift in Sources */,
				182DA71C2765B5EB002ABC13 /* AlertViewController.swift in Sources */,
			);
			runOnlyForDeploymentPostprocessing = 0;
		};
		182DA6FA2765B3A6002ABC13 /* Sources */ = {
			isa = PBXSourcesBuildPhase;
			buildActionMask = 2147483647;
			files = (
				182DA7032765B3A6002ABC13 /* TabBarTests.swift in Sources */,
			);
			runOnlyForDeploymentPostprocessing = 0;
		};
		182DA7042765B3A6002ABC13 /* Sources */ = {
			isa = PBXSourcesBuildPhase;
			buildActionMask = 2147483647;
			files = (
				182DA70F2765B3A6002ABC13 /* TabBarUITestsLaunchTests.swift in Sources */,
				182DA70D2765B3A6002ABC13 /* TabBarUITests.swift in Sources */,
			);
			runOnlyForDeploymentPostprocessing = 0;
		};
/* End PBXSourcesBuildPhase section */

/* Begin PBXTargetDependency section */
		182DA7002765B3A6002ABC13 /* PBXTargetDependency */ = {
			isa = PBXTargetDependency;
			target = 182DA6E72765B3A5002ABC13 /* TabBar */;
			targetProxy = 182DA6FF2765B3A6002ABC13 /* PBXContainerItemProxy */;
		};
		182DA70A2765B3A6002ABC13 /* PBXTargetDependency */ = {
			isa = PBXTargetDependency;
			target = 182DA6E72765B3A5002ABC13 /* TabBar */;
			targetProxy = 182DA7092765B3A6002ABC13 /* PBXContainerItemProxy */;
		};
/* End PBXTargetDependency section */

/* Begin PBXVariantGroup section */
		182DA6F12765B3A5002ABC13 /* Main.storyboard */ = {
			isa = PBXVariantGroup;
			children = (
				182DA6F22765B3A5002ABC13 /* Base */,
			);
			name = Main.storyboard;
			sourceTree = "<group>";
		};
		182DA6F62765B3A6002ABC13 /* LaunchScreen.storyboard */ = {
			isa = PBXVariantGroup;
			children = (
				182DA6F72765B3A6002ABC13 /* Base */,
			);
			name = LaunchScreen.storyboard;
			sourceTree = "<group>";
		};
/* End PBXVariantGroup section */

/* Begin XCBuildConfiguration section */
		182DA7102765B3A6002ABC13 /* Debug */ = {
			isa = XCBuildConfiguration;
			buildSettings = {
				ALWAYS_SEARCH_USER_PATHS = NO;
				CLANG_ANALYZER_NONNULL = YES;
				CLANG_ANALYZER_NUMBER_OBJECT_CONVERSION = YES_AGGRESSIVE;
				CLANG_CXX_LANGUAGE_STANDARD = "gnu++17";
				CLANG_CXX_LIBRARY = "libc++";
				CLANG_ENABLE_MODULES = YES;
				CLANG_ENABLE_OBJC_ARC = YES;
				CLANG_ENABLE_OBJC_WEAK = YES;
				CLANG_WARN_BLOCK_CAPTURE_AUTORELEASING = YES;
				CLANG_WARN_BOOL_CONVERSION = YES;
				CLANG_WARN_COMMA = YES;
				CLANG_WARN_CONSTANT_CONVERSION = YES;
				CLANG_WARN_DEPRECATED_OBJC_IMPLEMENTATIONS = YES;
				CLANG_WARN_DIRECT_OBJC_ISA_USAGE = YES_ERROR;
				CLANG_WARN_DOCUMENTATION_COMMENTS = YES;
				CLANG_WARN_EMPTY_BODY = YES;
				CLANG_WARN_ENUM_CONVERSION = YES;
				CLANG_WARN_INFINITE_RECURSION = YES;
				CLANG_WARN_INT_CONVERSION = YES;
				CLANG_WARN_NON_LITERAL_NULL_CONVERSION = YES;
				CLANG_WARN_OBJC_IMPLICIT_RETAIN_SELF = YES;
				CLANG_WARN_OBJC_LITERAL_CONVERSION = YES;
				CLANG_WARN_OBJC_ROOT_CLASS = YES_ERROR;
				CLANG_WARN_QUOTED_INCLUDE_IN_FRAMEWORK_HEADER = YES;
				CLANG_WARN_RANGE_LOOP_ANALYSIS = YES;
				CLANG_WARN_STRICT_PROTOTYPES = YES;
				CLANG_WARN_SUSPICIOUS_MOVE = YES;
				CLANG_WARN_UNGUARDED_AVAILABILITY = YES_AGGRESSIVE;
				CLANG_WARN_UNREACHABLE_CODE = YES;
				CLANG_WARN__DUPLICATE_METHOD_MATCH = YES;
				COPY_PHASE_STRIP = NO;
				DEBUG_INFORMATION_FORMAT = dwarf;
				ENABLE_STRICT_OBJC_MSGSEND = YES;
				ENABLE_TESTABILITY = YES;
				GCC_C_LANGUAGE_STANDARD = gnu11;
				GCC_DYNAMIC_NO_PIC = NO;
				GCC_NO_COMMON_BLOCKS = YES;
				GCC_OPTIMIZATION_LEVEL = 0;
				GCC_PREPROCESSOR_DEFINITIONS = (
					"DEBUG=1",
					"$(inherited)",
				);
				GCC_WARN_64_TO_32_BIT_CONVERSION = YES;
				GCC_WARN_ABOUT_RETURN_TYPE = YES_ERROR;
				GCC_WARN_UNDECLARED_SELECTOR = YES;
				GCC_WARN_UNINITIALIZED_AUTOS = YES_AGGRESSIVE;
				GCC_WARN_UNUSED_FUNCTION = YES;
				GCC_WARN_UNUSED_VARIABLE = YES;
				IPHONEOS_DEPLOYMENT_TARGET = 15.0;
				MTL_ENABLE_DEBUG_INFO = INCLUDE_SOURCE;
				MTL_FAST_MATH = YES;
				ONLY_ACTIVE_ARCH = YES;
				SDKROOT = iphoneos;
				SWIFT_ACTIVE_COMPILATION_CONDITIONS = DEBUG;
				SWIFT_OPTIMIZATION_LEVEL = "-Onone";
			};
			name = Debug;
		};
		182DA7112765B3A6002ABC13 /* Release */ = {
			isa = XCBuildConfiguration;
			buildSettings = {
				ALWAYS_SEARCH_USER_PATHS = NO;
				CLANG_ANALYZER_NONNULL = YES;
				CLANG_ANALYZER_NUMBER_OBJECT_CONVERSION = YES_AGGRESSIVE;
				CLANG_CXX_LANGUAGE_STANDARD = "gnu++17";
				CLANG_CXX_LIBRARY = "libc++";
				CLANG_ENABLE_MODULES = YES;
				CLANG_ENABLE_OBJC_ARC = YES;
				CLANG_ENABLE_OBJC_WEAK = YES;
				CLANG_WARN_BLOCK_CAPTURE_AUTORELEASING = YES;
				CLANG_WARN_BOOL_CONVERSION = YES;
				CLANG_WARN_COMMA = YES;
				CLANG_WARN_CONSTANT_CONVERSION = YES;
				CLANG_WARN_DEPRECATED_OBJC_IMPLEMENTATIONS = YES;
				CLANG_WARN_DIRECT_OBJC_ISA_USAGE = YES_ERROR;
				CLANG_WARN_DOCUMENTATION_COMMENTS = YES;
				CLANG_WARN_EMPTY_BODY = YES;
				CLANG_WARN_ENUM_CONVERSION = YES;
				CLANG_WARN_INFINITE_RECURSION = YES;
				CLANG_WARN_INT_CONVERSION = YES;
				CLANG_WARN_NON_LITERAL_NULL_CONVERSION = YES;
				CLANG_WARN_OBJC_IMPLICIT_RETAIN_SELF = YES;
				CLANG_WARN_OBJC_LITERAL_CONVERSION = YES;
				CLANG_WARN_OBJC_ROOT_CLASS = YES_ERROR;
				CLANG_WARN_QUOTED_INCLUDE_IN_FRAMEWORK_HEADER = YES;
				CLANG_WARN_RANGE_LOOP_ANALYSIS = YES;
				CLANG_WARN_STRICT_PROTOTYPES = YES;
				CLANG_WARN_SUSPICIOUS_MOVE = YES;
				CLANG_WARN_UNGUARDED_AVAILABILITY = YES_AGGRESSIVE;
				CLANG_WARN_UNREACHABLE_CODE = YES;
				CLANG_WARN__DUPLICATE_METHOD_MATCH = YES;
				COPY_PHASE_STRIP = NO;
				DEBUG_INFORMATION_FORMAT = "dwarf-with-dsym";
				ENABLE_NS_ASSERTIONS = NO;
				ENABLE_STRICT_OBJC_MSGSEND = YES;
				GCC_C_LANGUAGE_STANDARD = gnu11;
				GCC_NO_COMMON_BLOCKS = YES;
				GCC_WARN_64_TO_32_BIT_CONVERSION = YES;
				GCC_WARN_ABOUT_RETURN_TYPE = YES_ERROR;
				GCC_WARN_UNDECLARED_SELECTOR = YES;
				GCC_WARN_UNINITIALIZED_AUTOS = YES_AGGRESSIVE;
				GCC_WARN_UNUSED_FUNCTION = YES;
				GCC_WARN_UNUSED_VARIABLE = YES;
				IPHONEOS_DEPLOYMENT_TARGET = 15.0;
				MTL_ENABLE_DEBUG_INFO = NO;
				MTL_FAST_MATH = YES;
				SDKROOT = iphoneos;
				SWIFT_COMPILATION_MODE = wholemodule;
				SWIFT_OPTIMIZATION_LEVEL = "-O";
				VALIDATE_PRODUCT = YES;
			};
			name = Release;
		};
		182DA7132765B3A6002ABC13 /* Debug */ = {
			isa = XCBuildConfiguration;
			buildSettings = {
				ASSETCATALOG_COMPILER_APPICON_NAME = AppIcon;
				ASSETCATALOG_COMPILER_GLOBAL_ACCENT_COLOR_NAME = AccentColor;
				CODE_SIGN_STYLE = Automatic;
				CURRENT_PROJECT_VERSION = 1;
				GENERATE_INFOPLIST_FILE = YES;
				INFOPLIST_FILE = TabBar/Info.plist;
				INFOPLIST_KEY_UIApplicationSupportsIndirectInputEvents = YES;
				INFOPLIST_KEY_UILaunchStoryboardName = LaunchScreen;
				INFOPLIST_KEY_UIMainStoryboardFile = Main;
				INFOPLIST_KEY_UISupportedInterfaceOrientations_iPad = "UIInterfaceOrientationPortrait UIInterfaceOrientationPortraitUpsideDown UIInterfaceOrientationLandscapeLeft UIInterfaceOrientationLandscapeRight";
				INFOPLIST_KEY_UISupportedInterfaceOrientations_iPhone = "UIInterfaceOrientationPortrait UIInterfaceOrientationLandscapeLeft UIInterfaceOrientationLandscapeRight";
				LD_RUNPATH_SEARCH_PATHS = (
					"$(inherited)",
					"@executable_path/Frameworks",
				);
				MARKETING_VERSION = 1.0;
				PRODUCT_BUNDLE_IDENTIFIER = eunchan.TabBar;
				PRODUCT_NAME = "$(TARGET_NAME)";
				SWIFT_EMIT_LOC_STRINGS = YES;
				SWIFT_VERSION = 5.0;
				TARGETED_DEVICE_FAMILY = "1,2";
			};
			name = Debug;
		};
		182DA7142765B3A6002ABC13 /* Release */ = {
			isa = XCBuildConfiguration;
			buildSettings = {
				ASSETCATALOG_COMPILER_APPICON_NAME = AppIcon;
				ASSETCATALOG_COMPILER_GLOBAL_ACCENT_COLOR_NAME = AccentColor;
				CODE_SIGN_STYLE = Automatic;
				CURRENT_PROJECT_VERSION = 1;
				GENERATE_INFOPLIST_FILE = YES;
				INFOPLIST_FILE = TabBar/Info.plist;
				INFOPLIST_KEY_UIApplicationSupportsIndirectInputEvents = YES;
				INFOPLIST_KEY_UILaunchStoryboardName = LaunchScreen;
				INFOPLIST_KEY_UIMainStoryboardFile = Main;
				INFOPLIST_KEY_UISupportedInterfaceOrientations_iPad = "UIInterfaceOrientationPortrait UIInterfaceOrientationPortraitUpsideDown UIInterfaceOrientationLandscapeLeft UIInterfaceOrientationLandscapeRight";
				INFOPLIST_KEY_UISupportedInterfaceOrientations_iPhone = "UIInterfaceOrientationPortrait UIInterfaceOrientationLandscapeLeft UIInterfaceOrientationLandscapeRight";
				LD_RUNPATH_SEARCH_PATHS = (
					"$(inherited)",
					"@executable_path/Frameworks",
				);
				MARKETING_VERSION = 1.0;
				PRODUCT_BUNDLE_IDENTIFIER = eunchan.TabBar;
				PRODUCT_NAME = "$(TARGET_NAME)";
				SWIFT_EMIT_LOC_STRINGS = YES;
				SWIFT_VERSION = 5.0;
				TARGETED_DEVICE_FAMILY = "1,2";
			};
			name = Release;
		};
		182DA7162765B3A6002ABC13 /* Debug */ = {
			isa = XCBuildConfiguration;
			buildSettings = {
				ALWAYS_EMBED_SWIFT_STANDARD_LIBRARIES = YES;
				BUNDLE_LOADER = "$(TEST_HOST)";
				CODE_SIGN_STYLE = Automatic;
				CURRENT_PROJECT_VERSION = 1;
				GENERATE_INFOPLIST_FILE = YES;
				IPHONEOS_DEPLOYMENT_TARGET = 15.0;
				LD_RUNPATH_SEARCH_PATHS = (
					"$(inherited)",
					"@executable_path/Frameworks",
					"@loader_path/Frameworks",
				);
				MARKETING_VERSION = 1.0;
				PRODUCT_BUNDLE_IDENTIFIER = eunchan.TabBarTests;
				PRODUCT_NAME = "$(TARGET_NAME)";
				SWIFT_EMIT_LOC_STRINGS = NO;
				SWIFT_VERSION = 5.0;
				TARGETED_DEVICE_FAMILY = "1,2";
				TEST_HOST = "$(BUILT_PRODUCTS_DIR)/TabBar.app/TabBar";
			};
			name = Debug;
		};
		182DA7172765B3A6002ABC13 /* Release */ = {
			isa = XCBuildConfiguration;
			buildSettings = {
				ALWAYS_EMBED_SWIFT_STANDARD_LIBRARIES = YES;
				BUNDLE_LOADER = "$(TEST_HOST)";
				CODE_SIGN_STYLE = Automatic;
				CURRENT_PROJECT_VERSION = 1;
				GENERATE_INFOPLIST_FILE = YES;
				IPHONEOS_DEPLOYMENT_TARGET = 15.0;
				LD_RUNPATH_SEARCH_PATHS = (
					"$(inherited)",
					"@executable_path/Frameworks",
					"@loader_path/Frameworks",
				);
				MARKETING_VERSION = 1.0;
				PRODUCT_BUNDLE_IDENTIFIER = eunchan.TabBarTests;
				PRODUCT_NAME = "$(TARGET_NAME)";
				SWIFT_EMIT_LOC_STRINGS = NO;
				SWIFT_VERSION = 5.0;
				TARGETED_DEVICE_FAMILY = "1,2";
				TEST_HOST = "$(BUILT_PRODUCTS_DIR)/TabBar.app/TabBar";
			};
			name = Release;
		};
		182DA7192765B3A6002ABC13 /* Debug */ = {
			isa = XCBuildConfiguration;
			buildSettings = {
				ALWAYS_EMBED_SWIFT_STANDARD_LIBRARIES = YES;
				CODE_SIGN_STYLE = Automatic;
				CURRENT_PROJECT_VERSION = 1;
				GENERATE_INFOPLIST_FILE = YES;
				LD_RUNPATH_SEARCH_PATHS = (
					"$(inherited)",
					"@executable_path/Frameworks",
					"@loader_path/Frameworks",
				);
				MARKETING_VERSION = 1.0;
				PRODUCT_BUNDLE_IDENTIFIER = eunchan.TabBarUITests;
				PRODUCT_NAME = "$(TARGET_NAME)";
				SWIFT_EMIT_LOC_STRINGS = NO;
				SWIFT_VERSION = 5.0;
				TARGETED_DEVICE_FAMILY = "1,2";
				TEST_TARGET_NAME = TabBar;
			};
			name = Debug;
		};
		182DA71A2765B3A6002ABC13 /* Release */ = {
			isa = XCBuildConfiguration;
			buildSettings = {
				ALWAYS_EMBED_SWIFT_STANDARD_LIBRARIES = YES;
				CODE_SIGN_STYLE = Automatic;
				CURRENT_PROJECT_VERSION = 1;
				GENERATE_INFOPLIST_FILE = YES;
				LD_RUNPATH_SEARCH_PATHS = (
					"$(inherited)",
					"@executable_path/Frameworks",
					"@loader_path/Frameworks",
				);
				MARKETING_VERSION = 1.0;
				PRODUCT_BUNDLE_IDENTIFIER = eunchan.TabBarUITests;
				PRODUCT_NAME = "$(TARGET_NAME)";
				SWIFT_EMIT_LOC_STRINGS = NO;
				SWIFT_VERSION = 5.0;
				TARGETED_DEVICE_FAMILY = "1,2";
				TEST_TARGET_NAME = TabBar;
			};
			name = Release;
		};
/* End XCBuildConfiguration section */

/* Begin XCConfigurationList section */
		182DA6E32765B3A4002ABC13 /* Build configuration list for PBXProject "TabBar" */ = {
			isa = XCConfigurationList;
			buildConfigurations = (
				182DA7102765B3A6002ABC13 /* Debug */,
				182DA7112765B3A6002ABC13 /* Release */,
			);
			defaultConfigurationIsVisible = 0;
			defaultConfigurationName = Release;
		};
		182DA7122765B3A6002ABC13 /* Build configuration list for PBXNativeTarget "TabBar" */ = {
			isa = XCConfigurationList;
			buildConfigurations = (
				182DA7132765B3A6002ABC13 /* Debug */,
				182DA7142765B3A6002ABC13 /* Release */,
			);
			defaultConfigurationIsVisible = 0;
			defaultConfigurationName = Release;
		};
		182DA7152765B3A6002ABC13 /* Build configuration list for PBXNativeTarget "TabBarTests" */ = {
			isa = XCConfigurationList;
			buildConfigurations = (
				182DA7162765B3A6002ABC13 /* Debug */,
				182DA7172765B3A6002ABC13 /* Release */,
			);
			defaultConfigurationIsVisible = 0;
			defaultConfigurationName = Release;
		};
		182DA7182765B3A6002ABC13 /* Build configuration list for PBXNativeTarget "TabBarUITests" */ = {
			isa = XCConfigurationList;
			buildConfigurations = (
				182DA7192765B3A6002ABC13 /* Debug */,
				182DA71A2765B3A6002ABC13 /* Release */,
			);
			defaultConfigurationIsVisible = 0;
			defaultConfigurationName = Release;
		};
/* End XCConfigurationList section */
	};
	rootObject = 182DA6E02765B3A4002ABC13 /* Project object */;
}
