// !$*UTF8*$!
{
	archiveVersion = 1;
	classes = {
	};
	objectVersion = 55;
	objects = {

/* Begin PBXBuildFile section */
		185927B9275F2E260062C2F1 /* AppDelegate.swift in Sources */ = {isa = PBXBuildFile; fileRef = 185927B8275F2E260062C2F1 /* AppDelegate.swift */; };
		185927BB275F2E260062C2F1 /* SceneDelegate.swift in Sources */ = {isa = PBXBuildFile; fileRef = 185927BA275F2E260062C2F1 /* SceneDelegate.swift */; };
		185927C0275F2E260062C2F1 /* Main.storyboard in Resources */ = {isa = PBXBuildFile; fileRef = 185927BE275F2E260062C2F1 /* Main.storyboard */; };
		185927C2275F2E270062C2F1 /* Assets.xcassets in Resources */ = {isa = PBXBuildFile; fileRef = 185927C1275F2E270062C2F1 /* Assets.xcassets */; };
		185927C5275F2E270062C2F1 /* LaunchScreen.storyboard in Resources */ = {isa = PBXBuildFile; fileRef = 185927C3275F2E270062C2F1 /* LaunchScreen.storyboard */; };
		185927D0275F2E270062C2F1 /* BountyListTests.swift in Sources */ = {isa = PBXBuildFile; fileRef = 185927CF275F2E270062C2F1 /* BountyListTests.swift */; };
		185927DA275F2E270062C2F1 /* BountyListUITests.swift in Sources */ = {isa = PBXBuildFile; fileRef = 185927D9275F2E270062C2F1 /* BountyListUITests.swift */; };
		185927DC275F2E270062C2F1 /* BountyListUITestsLaunchTests.swift in Sources */ = {isa = PBXBuildFile; fileRef = 185927DB275F2E270062C2F1 /* BountyListUITestsLaunchTests.swift */; };
		185927E9275F2EF60062C2F1 /* BountyViewController.swift in Sources */ = {isa = PBXBuildFile; fileRef = 185927E8275F2EF60062C2F1 /* BountyViewController.swift */; };
/* End PBXBuildFile section */

/* Begin PBXContainerItemProxy section */
		185927CC275F2E270062C2F1 /* PBXContainerItemProxy */ = {
			isa = PBXContainerItemProxy;
			containerPortal = 185927AD275F2E260062C2F1 /* Project object */;
			proxyType = 1;
			remoteGlobalIDString = 185927B4275F2E260062C2F1;
			remoteInfo = BountyList;
		};
		185927D6275F2E270062C2F1 /* PBXContainerItemProxy */ = {
			isa = PBXContainerItemProxy;
			containerPortal = 185927AD275F2E260062C2F1 /* Project object */;
			proxyType = 1;
			remoteGlobalIDString = 185927B4275F2E260062C2F1;
			remoteInfo = BountyList;
		};
/* End PBXContainerItemProxy section */

/* Begin PBXFileReference section */
		185927B5275F2E260062C2F1 /* BountyList.app */ = {isa = PBXFileReference; explicitFileType = wrapper.application; includeInIndex = 0; path = BountyList.app; sourceTree = BUILT_PRODUCTS_DIR; };
		185927B8275F2E260062C2F1 /* AppDelegate.swift */ = {isa = PBXFileReference; lastKnownFileType = sourcecode.swift; path = AppDelegate.swift; sourceTree = "<group>"; };
		185927BA275F2E260062C2F1 /* SceneDelegate.swift */ = {isa = PBXFileReference; lastKnownFileType = sourcecode.swift; path = SceneDelegate.swift; sourceTree = "<group>"; };
		185927BF275F2E260062C2F1 /* Base */ = {isa = PBXFileReference; lastKnownFileType = file.storyboard; name = Base; path = Base.lproj/Main.storyboard; sourceTree = "<group>"; };
		185927C1275F2E270062C2F1 /* Assets.xcassets */ = {isa = PBXFileReference; lastKnownFileType = folder.assetcatalog; path = Assets.xcassets; sourceTree = "<group>"; };
		185927C4275F2E270062C2F1 /* Base */ = {isa = PBXFileReference; lastKnownFileType = file.storyboard; name = Base; path = Base.lproj/LaunchScreen.storyboard; sourceTree = "<group>"; };
		185927C6275F2E270062C2F1 /* Info.plist */ = {isa = PBXFileReference; lastKnownFileType = text.plist.xml; path = Info.plist; sourceTree = "<group>"; };
		185927CB275F2E270062C2F1 /* BountyListTests.xctest */ = {isa = PBXFileReference; explicitFileType = wrapper.cfbundle; includeInIndex = 0; path = BountyListTests.xctest; sourceTree = BUILT_PRODUCTS_DIR; };
		185927CF275F2E270062C2F1 /* BountyListTests.swift */ = {isa = PBXFileReference; lastKnownFileType = sourcecode.swift; path = BountyListTests.swift; sourceTree = "<group>"; };
		185927D5275F2E270062C2F1 /* BountyListUITests.xctest */ = {isa = PBXFileReference; explicitFileType = wrapper.cfbundle; includeInIndex = 0; path = BountyListUITests.xctest; sourceTree = BUILT_PRODUCTS_DIR; };
		185927D9275F2E270062C2F1 /* BountyListUITests.swift */ = {isa = PBXFileReference; lastKnownFileType = sourcecode.swift; path = BountyListUITests.swift; sourceTree = "<group>"; };
		185927DB275F2E270062C2F1 /* BountyListUITestsLaunchTests.swift */ = {isa = PBXFileReference; lastKnownFileType = sourcecode.swift; path = BountyListUITestsLaunchTests.swift; sourceTree = "<group>"; };
		185927E8275F2EF60062C2F1 /* BountyViewController.swift */ = {isa = PBXFileReference; lastKnownFileType = sourcecode.swift; path = BountyViewController.swift; sourceTree = "<group>"; };
/* End PBXFileReference section */

/* Begin PBXFrameworksBuildPhase section */
		185927B2275F2E260062C2F1 /* Frameworks */ = {
			isa = PBXFrameworksBuildPhase;
			buildActionMask = 2147483647;
			files = (
			);
			runOnlyForDeploymentPostprocessing = 0;
		};
		185927C8275F2E270062C2F1 /* Frameworks */ = {
			isa = PBXFrameworksBuildPhase;
			buildActionMask = 2147483647;
			files = (
			);
			runOnlyForDeploymentPostprocessing = 0;
		};
		185927D2275F2E270062C2F1 /* Frameworks */ = {
			isa = PBXFrameworksBuildPhase;
			buildActionMask = 2147483647;
			files = (
			);
			runOnlyForDeploymentPostprocessing = 0;
		};
/* End PBXFrameworksBuildPhase section */

/* Begin PBXGroup section */
		185927AC275F2E260062C2F1 = {
			isa = PBXGroup;
			children = (
				185927B7275F2E260062C2F1 /* BountyList */,
				185927CE275F2E270062C2F1 /* BountyListTests */,
				185927D8275F2E270062C2F1 /* BountyListUITests */,
				185927B6275F2E260062C2F1 /* Products */,
			);
			sourceTree = "<group>";
		};
		185927B6275F2E260062C2F1 /* Products */ = {
			isa = PBXGroup;
			children = (
				185927B5275F2E260062C2F1 /* BountyList.app */,
				185927CB275F2E270062C2F1 /* BountyListTests.xctest */,
				185927D5275F2E270062C2F1 /* BountyListUITests.xctest */,
			);
			name = Products;
			sourceTree = "<group>";
		};
		185927B7275F2E260062C2F1 /* BountyList */ = {
			isa = PBXGroup;
			children = (
				185927B8275F2E260062C2F1 /* AppDelegate.swift */,
				185927BA275F2E260062C2F1 /* SceneDelegate.swift */,
				185927E8275F2EF60062C2F1 /* BountyViewController.swift */,
				185927BE275F2E260062C2F1 /* Main.storyboard */,
				185927C1275F2E270062C2F1 /* Assets.xcassets */,
				185927C3275F2E270062C2F1 /* LaunchScreen.storyboard */,
				185927C6275F2E270062C2F1 /* Info.plist */,
			);
			path = BountyList;
			sourceTree = "<group>";
		};
		185927CE275F2E270062C2F1 /* BountyListTests */ = {
			isa = PBXGroup;
			children = (
				185927CF275F2E270062C2F1 /* BountyListTests.swift */,
			);
			path = BountyListTests;
			sourceTree = "<group>";
		};
		185927D8275F2E270062C2F1 /* BountyListUITests */ = {
			isa = PBXGroup;
			children = (
				185927D9275F2E270062C2F1 /* BountyListUITests.swift */,
				185927DB275F2E270062C2F1 /* BountyListUITestsLaunchTests.swift */,
			);
			path = BountyListUITests;
			sourceTree = "<group>";
		};
/* End PBXGroup section */

/* Begin PBXNativeTarget section */
		185927B4275F2E260062C2F1 /* BountyList */ = {
			isa = PBXNativeTarget;
			buildConfigurationList = 185927DF275F2E270062C2F1 /* Build configuration list for PBXNativeTarget "BountyList" */;
			buildPhases = (
				185927B1275F2E260062C2F1 /* Sources */,
				185927B2275F2E260062C2F1 /* Frameworks */,
				185927B3275F2E260062C2F1 /* Resources */,
			);
			buildRules = (
			);
			dependencies = (
			);
			name = BountyList;
			productName = BountyList;
			productReference = 185927B5275F2E260062C2F1 /* BountyList.app */;
			productType = "com.apple.product-type.application";
		};
		185927CA275F2E270062C2F1 /* BountyListTests */ = {
			isa = PBXNativeTarget;
			buildConfigurationList = 185927E2275F2E270062C2F1 /* Build configuration list for PBXNativeTarget "BountyListTests" */;
			buildPhases = (
				185927C7275F2E270062C2F1 /* Sources */,
				185927C8275F2E270062C2F1 /* Frameworks */,
				185927C9275F2E270062C2F1 /* Resources */,
			);
			buildRules = (
			);
			dependencies = (
				185927CD275F2E270062C2F1 /* PBXTargetDependency */,
			);
			name = BountyListTests;
			productName = BountyListTests;
			productReference = 185927CB275F2E270062C2F1 /* BountyListTests.xctest */;
			productType = "com.apple.product-type.bundle.unit-test";
		};
		185927D4275F2E270062C2F1 /* BountyListUITests */ = {
			isa = PBXNativeTarget;
			buildConfigurationList = 185927E5275F2E270062C2F1 /* Build configuration list for PBXNativeTarget "BountyListUITests" */;
			buildPhases = (
				185927D1275F2E270062C2F1 /* Sources */,
				185927D2275F2E270062C2F1 /* Frameworks */,
				185927D3275F2E270062C2F1 /* Resources */,
			);
			buildRules = (
			);
			dependencies = (
				185927D7275F2E270062C2F1 /* PBXTargetDependency */,
			);
			name = BountyListUITests;
			productName = BountyListUITests;
			productReference = 185927D5275F2E270062C2F1 /* BountyListUITests.xctest */;
			productType = "com.apple.product-type.bundle.ui-testing";
		};
/* End PBXNativeTarget section */

/* Begin PBXProject section */
		185927AD275F2E260062C2F1 /* Project object */ = {
			isa = PBXProject;
			attributes = {
				BuildIndependentTargetsInParallel = 1;
				LastSwiftUpdateCheck = 1310;
				LastUpgradeCheck = 1310;
				TargetAttributes = {
					185927B4275F2E260062C2F1 = {
						CreatedOnToolsVersion = 13.1;
					};
					185927CA275F2E270062C2F1 = {
						CreatedOnToolsVersion = 13.1;
						TestTargetID = 185927B4275F2E260062C2F1;
					};
					185927D4275F2E270062C2F1 = {
						CreatedOnToolsVersion = 13.1;
						TestTargetID = 185927B4275F2E260062C2F1;
					};
				};
			};
			buildConfigurationList = 185927B0275F2E260062C2F1 /* Build configuration list for PBXProject "BountyList" */;
			compatibilityVersion = "Xcode 13.0";
			developmentRegion = en;
			hasScannedForEncodings = 0;
			knownRegions = (
				en,
				Base,
			);
			mainGroup = 185927AC275F2E260062C2F1;
			productRefGroup = 185927B6275F2E260062C2F1 /* Products */;
			projectDirPath = "";
			projectRoot = "";
			targets = (
				185927B4275F2E260062C2F1 /* BountyList */,
				185927CA275F2E270062C2F1 /* BountyListTests */,
				185927D4275F2E270062C2F1 /* BountyListUITests */,
			);
		};
/* End PBXProject section */

/* Begin PBXResourcesBuildPhase section */
		185927B3275F2E260062C2F1 /* Resources */ = {
			isa = PBXResourcesBuildPhase;
			buildActionMask = 2147483647;
			files = (
				185927C5275F2E270062C2F1 /* LaunchScreen.storyboard in Resources */,
				185927C2275F2E270062C2F1 /* Assets.xcassets in Resources */,
				185927C0275F2E260062C2F1 /* Main.storyboard in Resources */,
			);
			runOnlyForDeploymentPostprocessing = 0;
		};
		185927C9275F2E270062C2F1 /* Resources */ = {
			isa = PBXResourcesBuildPhase;
			buildActionMask = 2147483647;
			files = (
			);
			runOnlyForDeploymentPostprocessing = 0;
		};
		185927D3275F2E270062C2F1 /* Resources */ = {
			isa = PBXResourcesBuildPhase;
			buildActionMask = 2147483647;
			files = (
			);
			runOnlyForDeploymentPostprocessing = 0;
		};
/* End PBXResourcesBuildPhase section */

/* Begin PBXSourcesBuildPhase section */
		185927B1275F2E260062C2F1 /* Sources */ = {
			isa = PBXSourcesBuildPhase;
			buildActionMask = 2147483647;
			files = (
				185927E9275F2EF60062C2F1 /* BountyViewController.swift in Sources */,
				185927B9275F2E260062C2F1 /* AppDelegate.swift in Sources */,
				185927BB275F2E260062C2F1 /* SceneDelegate.swift in Sources */,
			);
			runOnlyForDeploymentPostprocessing = 0;
		};
		185927C7275F2E270062C2F1 /* Sources */ = {
			isa = PBXSourcesBuildPhase;
			buildActionMask = 2147483647;
			files = (
				185927D0275F2E270062C2F1 /* BountyListTests.swift in Sources */,
			);
			runOnlyForDeploymentPostprocessing = 0;
		};
		185927D1275F2E270062C2F1 /* Sources */ = {
			isa = PBXSourcesBuildPhase;
			buildActionMask = 2147483647;
			files = (
				185927DA275F2E270062C2F1 /* BountyListUITests.swift in Sources */,
				185927DC275F2E270062C2F1 /* BountyListUITestsLaunchTests.swift in Sources */,
			);
			runOnlyForDeploymentPostprocessing = 0;
		};
/* End PBXSourcesBuildPhase section */

/* Begin PBXTargetDependency section */
		185927CD275F2E270062C2F1 /* PBXTargetDependency */ = {
			isa = PBXTargetDependency;
			target = 185927B4275F2E260062C2F1 /* BountyList */;
			targetProxy = 185927CC275F2E270062C2F1 /* PBXContainerItemProxy */;
		};
		185927D7275F2E270062C2F1 /* PBXTargetDependency */ = {
			isa = PBXTargetDependency;
			target = 185927B4275F2E260062C2F1 /* BountyList */;
			targetProxy = 185927D6275F2E270062C2F1 /* PBXContainerItemProxy */;
		};
/* End PBXTargetDependency section */

/* Begin PBXVariantGroup section */
		185927BE275F2E260062C2F1 /* Main.storyboard */ = {
			isa = PBXVariantGroup;
			children = (
				185927BF275F2E260062C2F1 /* Base */,
			);
			name = Main.storyboard;
			sourceTree = "<group>";
		};
		185927C3275F2E270062C2F1 /* LaunchScreen.storyboard */ = {
			isa = PBXVariantGroup;
			children = (
				185927C4275F2E270062C2F1 /* Base */,
			);
			name = LaunchScreen.storyboard;
			sourceTree = "<group>";
		};
/* End PBXVariantGroup section */

/* Begin XCBuildConfiguration section */
		185927DD275F2E270062C2F1 /* Debug */ = {
			isa = XCBuildConfiguration;
			buildSettings = {
				ALWAYS_SEARCH_USER_PATHS = NO;
				CLANG_ANALYZER_NONNULL = YES;
				CLANG_ANALYZER_NUMBER_OBJECT_CONVERSION = YES_AGGRESSIVE;
				CLANG_CXX_LANGUAGE_STANDARD = "gnu++17";
				CLANG_CXX_LIBRARY = "libc++";
				CLANG_ENABLE_MODULES = YES;
				CLANG_ENABLE_OBJC_ARC = YES;
				CLANG_ENABLE_OBJC_WEAK = YES;
				CLANG_WARN_BLOCK_CAPTURE_AUTORELEASING = YES;
				CLANG_WARN_BOOL_CONVERSION = YES;
				CLANG_WARN_COMMA = YES;
				CLANG_WARN_CONSTANT_CONVERSION = YES;
				CLANG_WARN_DEPRECATED_OBJC_IMPLEMENTATIONS = YES;
				CLANG_WARN_DIRECT_OBJC_ISA_USAGE = YES_ERROR;
				CLANG_WARN_DOCUMENTATION_COMMENTS = YES;
				CLANG_WARN_EMPTY_BODY = YES;
				CLANG_WARN_ENUM_CONVERSION = YES;
				CLANG_WARN_INFINITE_RECURSION = YES;
				CLANG_WARN_INT_CONVERSION = YES;
				CLANG_WARN_NON_LITERAL_NULL_CONVERSION = YES;
				CLANG_WARN_OBJC_IMPLICIT_RETAIN_SELF = YES;
				CLANG_WARN_OBJC_LITERAL_CONVERSION = YES;
				CLANG_WARN_OBJC_ROOT_CLASS = YES_ERROR;
				CLANG_WARN_QUOTED_INCLUDE_IN_FRAMEWORK_HEADER = YES;
				CLANG_WARN_RANGE_LOOP_ANALYSIS = YES;
				CLANG_WARN_STRICT_PROTOTYPES = YES;
				CLANG_WARN_SUSPICIOUS_MOVE = YES;
				CLANG_WARN_UNGUARDED_AVAILABILITY = YES_AGGRESSIVE;
				CLANG_WARN_UNREACHABLE_CODE = YES;
				CLANG_WARN__DUPLICATE_METHOD_MATCH = YES;
				COPY_PHASE_STRIP = NO;
				DEBUG_INFORMATION_FORMAT = dwarf;
				ENABLE_STRICT_OBJC_MSGSEND = YES;
				ENABLE_TESTABILITY = YES;
				GCC_C_LANGUAGE_STANDARD = gnu11;
				GCC_DYNAMIC_NO_PIC = NO;
				GCC_NO_COMMON_BLOCKS = YES;
				GCC_OPTIMIZATION_LEVEL = 0;
				GCC_PREPROCESSOR_DEFINITIONS = (
					"DEBUG=1",
					"$(inherited)",
				);
				GCC_WARN_64_TO_32_BIT_CONVERSION = YES;
				GCC_WARN_ABOUT_RETURN_TYPE = YES_ERROR;
				GCC_WARN_UNDECLARED_SELECTOR = YES;
				GCC_WARN_UNINITIALIZED_AUTOS = YES_AGGRESSIVE;
				GCC_WARN_UNUSED_FUNCTION = YES;
				GCC_WARN_UNUSED_VARIABLE = YES;
				IPHONEOS_DEPLOYMENT_TARGET = 15.0;
				MTL_ENABLE_DEBUG_INFO = INCLUDE_SOURCE;
				MTL_FAST_MATH = YES;
				ONLY_ACTIVE_ARCH = YES;
				SDKROOT = iphoneos;
				SWIFT_ACTIVE_COMPILATION_CONDITIONS = DEBUG;
				SWIFT_OPTIMIZATION_LEVEL = "-Onone";
			};
			name = Debug;
		};
		185927DE275F2E270062C2F1 /* Release */ = {
			isa = XCBuildConfiguration;
			buildSettings = {
				ALWAYS_SEARCH_USER_PATHS = NO;
				CLANG_ANALYZER_NONNULL = YES;
				CLANG_ANALYZER_NUMBER_OBJECT_CONVERSION = YES_AGGRESSIVE;
				CLANG_CXX_LANGUAGE_STANDARD = "gnu++17";
				CLANG_CXX_LIBRARY = "libc++";
				CLANG_ENABLE_MODULES = YES;
				CLANG_ENABLE_OBJC_ARC = YES;
				CLANG_ENABLE_OBJC_WEAK = YES;
				CLANG_WARN_BLOCK_CAPTURE_AUTORELEASING = YES;
				CLANG_WARN_BOOL_CONVERSION = YES;
				CLANG_WARN_COMMA = YES;
				CLANG_WARN_CONSTANT_CONVERSION = YES;
				CLANG_WARN_DEPRECATED_OBJC_IMPLEMENTATIONS = YES;
				CLANG_WARN_DIRECT_OBJC_ISA_USAGE = YES_ERROR;
				CLANG_WARN_DOCUMENTATION_COMMENTS = YES;
				CLANG_WARN_EMPTY_BODY = YES;
				CLANG_WARN_ENUM_CONVERSION = YES;
				CLANG_WARN_INFINITE_RECURSION = YES;
				CLANG_WARN_INT_CONVERSION = YES;
				CLANG_WARN_NON_LITERAL_NULL_CONVERSION = YES;
				CLANG_WARN_OBJC_IMPLICIT_RETAIN_SELF = YES;
				CLANG_WARN_OBJC_LITERAL_CONVERSION = YES;
				CLANG_WARN_OBJC_ROOT_CLASS = YES_ERROR;
				CLANG_WARN_QUOTED_INCLUDE_IN_FRAMEWORK_HEADER = YES;
				CLANG_WARN_RANGE_LOOP_ANALYSIS = YES;
				CLANG_WARN_STRICT_PROTOTYPES = YES;
				CLANG_WARN_SUSPICIOUS_MOVE = YES;
				CLANG_WARN_UNGUARDED_AVAILABILITY = YES_AGGRESSIVE;
				CLANG_WARN_UNREACHABLE_CODE = YES;
				CLANG_WARN__DUPLICATE_METHOD_MATCH = YES;
				COPY_PHASE_STRIP = NO;
				DEBUG_INFORMATION_FORMAT = "dwarf-with-dsym";
				ENABLE_NS_ASSERTIONS = NO;
				ENABLE_STRICT_OBJC_MSGSEND = YES;
				GCC_C_LANGUAGE_STANDARD = gnu11;
				GCC_NO_COMMON_BLOCKS = YES;
				GCC_WARN_64_TO_32_BIT_CONVERSION = YES;
				GCC_WARN_ABOUT_RETURN_TYPE = YES_ERROR;
				GCC_WARN_UNDECLARED_SELECTOR = YES;
				GCC_WARN_UNINITIALIZED_AUTOS = YES_AGGRESSIVE;
				GCC_WARN_UNUSED_FUNCTION = YES;
				GCC_WARN_UNUSED_VARIABLE = YES;
				IPHONEOS_DEPLOYMENT_TARGET = 15.0;
				MTL_ENABLE_DEBUG_INFO = NO;
				MTL_FAST_MATH = YES;
				SDKROOT = iphoneos;
				SWIFT_COMPILATION_MODE = wholemodule;
				SWIFT_OPTIMIZATION_LEVEL = "-O";
				VALIDATE_PRODUCT = YES;
			};
			name = Release;
		};
		185927E0275F2E270062C2F1 /* Debug */ = {
			isa = XCBuildConfiguration;
			buildSettings = {
				ASSETCATALOG_COMPILER_APPICON_NAME = AppIcon;
				ASSETCATALOG_COMPILER_GLOBAL_ACCENT_COLOR_NAME = AccentColor;
				CODE_SIGN_STYLE = Automatic;
				CURRENT_PROJECT_VERSION = 1;
				GENERATE_INFOPLIST_FILE = YES;
				INFOPLIST_FILE = BountyList/Info.plist;
				INFOPLIST_KEY_UIApplicationSupportsIndirectInputEvents = YES;
				INFOPLIST_KEY_UILaunchStoryboardName = LaunchScreen;
				INFOPLIST_KEY_UIMainStoryboardFile = Main;
				INFOPLIST_KEY_UISupportedInterfaceOrientations_iPad = "UIInterfaceOrientationPortrait UIInterfaceOrientationPortraitUpsideDown UIInterfaceOrientationLandscapeLeft UIInterfaceOrientationLandscapeRight";
				INFOPLIST_KEY_UISupportedInterfaceOrientations_iPhone = "UIInterfaceOrientationPortrait UIInterfaceOrientationLandscapeLeft UIInterfaceOrientationLandscapeRight";
				LD_RUNPATH_SEARCH_PATHS = (
					"$(inherited)",
					"@executable_path/Frameworks",
				);
				MARKETING_VERSION = 1.0;
				PRODUCT_BUNDLE_IDENTIFIER = eunchan.BountyList;
				PRODUCT_NAME = "$(TARGET_NAME)";
				SWIFT_EMIT_LOC_STRINGS = YES;
				SWIFT_VERSION = 5.0;
				TARGETED_DEVICE_FAMILY = "1,2";
			};
			name = Debug;
		};
		185927E1275F2E270062C2F1 /* Release */ = {
			isa = XCBuildConfiguration;
			buildSettings = {
				ASSETCATALOG_COMPILER_APPICON_NAME = AppIcon;
				ASSETCATALOG_COMPILER_GLOBAL_ACCENT_COLOR_NAME = AccentColor;
				CODE_SIGN_STYLE = Automatic;
				CURRENT_PROJECT_VERSION = 1;
				GENERATE_INFOPLIST_FILE = YES;
				INFOPLIST_FILE = BountyList/Info.plist;
				INFOPLIST_KEY_UIApplicationSupportsIndirectInputEvents = YES;
				INFOPLIST_KEY_UILaunchStoryboardName = LaunchScreen;
				INFOPLIST_KEY_UIMainStoryboardFile = Main;
				INFOPLIST_KEY_UISupportedInterfaceOrientations_iPad = "UIInterfaceOrientationPortrait UIInterfaceOrientationPortraitUpsideDown UIInterfaceOrientationLandscapeLeft UIInterfaceOrientationLandscapeRight";
				INFOPLIST_KEY_UISupportedInterfaceOrientations_iPhone = "UIInterfaceOrientationPortrait UIInterfaceOrientationLandscapeLeft UIInterfaceOrientationLandscapeRight";
				LD_RUNPATH_SEARCH_PATHS = (
					"$(inherited)",
					"@executable_path/Frameworks",
				);
				MARKETING_VERSION = 1.0;
				PRODUCT_BUNDLE_IDENTIFIER = eunchan.BountyList;
				PRODUCT_NAME = "$(TARGET_NAME)";
				SWIFT_EMIT_LOC_STRINGS = YES;
				SWIFT_VERSION = 5.0;
				TARGETED_DEVICE_FAMILY = "1,2";
			};
			name = Release;
		};
		185927E3275F2E270062C2F1 /* Debug */ = {
			isa = XCBuildConfiguration;
			buildSettings = {
				ALWAYS_EMBED_SWIFT_STANDARD_LIBRARIES = YES;
				BUNDLE_LOADER = "$(TEST_HOST)";
				CODE_SIGN_STYLE = Automatic;
				CURRENT_PROJECT_VERSION = 1;
				GENERATE_INFOPLIST_FILE = YES;
				IPHONEOS_DEPLOYMENT_TARGET = 15.0;
				LD_RUNPATH_SEARCH_PATHS = (
					"$(inherited)",
					"@executable_path/Frameworks",
					"@loader_path/Frameworks",
				);
				MARKETING_VERSION = 1.0;
				PRODUCT_BUNDLE_IDENTIFIER = eunchan.BountyListTests;
				PRODUCT_NAME = "$(TARGET_NAME)";
				SWIFT_EMIT_LOC_STRINGS = NO;
				SWIFT_VERSION = 5.0;
				TARGETED_DEVICE_FAMILY = "1,2";
				TEST_HOST = "$(BUILT_PRODUCTS_DIR)/BountyList.app/BountyList";
			};
			name = Debug;
		};
		185927E4275F2E270062C2F1 /* Release */ = {
			isa = XCBuildConfiguration;
			buildSettings = {
				ALWAYS_EMBED_SWIFT_STANDARD_LIBRARIES = YES;
				BUNDLE_LOADER = "$(TEST_HOST)";
				CODE_SIGN_STYLE = Automatic;
				CURRENT_PROJECT_VERSION = 1;
				GENERATE_INFOPLIST_FILE = YES;
				IPHONEOS_DEPLOYMENT_TARGET = 15.0;
				LD_RUNPATH_SEARCH_PATHS = (
					"$(inherited)",
					"@executable_path/Frameworks",
					"@loader_path/Frameworks",
				);
				MARKETING_VERSION = 1.0;
				PRODUCT_BUNDLE_IDENTIFIER = eunchan.BountyListTests;
				PRODUCT_NAME = "$(TARGET_NAME)";
				SWIFT_EMIT_LOC_STRINGS = NO;
				SWIFT_VERSION = 5.0;
				TARGETED_DEVICE_FAMILY = "1,2";
				TEST_HOST = "$(BUILT_PRODUCTS_DIR)/BountyList.app/BountyList";
			};
			name = Release;
		};
		185927E6275F2E270062C2F1 /* Debug */ = {
			isa = XCBuildConfiguration;
			buildSettings = {
				ALWAYS_EMBED_SWIFT_STANDARD_LIBRARIES = YES;
				CODE_SIGN_STYLE = Automatic;
				CURRENT_PROJECT_VERSION = 1;
				GENERATE_INFOPLIST_FILE = YES;
				LD_RUNPATH_SEARCH_PATHS = (
					"$(inherited)",
					"@executable_path/Frameworks",
					"@loader_path/Frameworks",
				);
				MARKETING_VERSION = 1.0;
				PRODUCT_BUNDLE_IDENTIFIER = eunchan.BountyListUITests;
				PRODUCT_NAME = "$(TARGET_NAME)";
				SWIFT_EMIT_LOC_STRINGS = NO;
				SWIFT_VERSION = 5.0;
				TARGETED_DEVICE_FAMILY = "1,2";
				TEST_TARGET_NAME = BountyList;
			};
			name = Debug;
		};
		185927E7275F2E270062C2F1 /* Release */ = {
			isa = XCBuildConfiguration;
			buildSettings = {
				ALWAYS_EMBED_SWIFT_STANDARD_LIBRARIES = YES;
				CODE_SIGN_STYLE = Automatic;
				CURRENT_PROJECT_VERSION = 1;
				GENERATE_INFOPLIST_FILE = YES;
				LD_RUNPATH_SEARCH_PATHS = (
					"$(inherited)",
					"@executable_path/Frameworks",
					"@loader_path/Frameworks",
				);
				MARKETING_VERSION = 1.0;
				PRODUCT_BUNDLE_IDENTIFIER = eunchan.BountyListUITests;
				PRODUCT_NAME = "$(TARGET_NAME)";
				SWIFT_EMIT_LOC_STRINGS = NO;
				SWIFT_VERSION = 5.0;
				TARGETED_DEVICE_FAMILY = "1,2";
				TEST_TARGET_NAME = BountyList;
			};
			name = Release;
		};
/* End XCBuildConfiguration section */

/* Begin XCConfigurationList section */
		185927B0275F2E260062C2F1 /* Build configuration list for PBXProject "BountyList" */ = {
			isa = XCConfigurationList;
			buildConfigurations = (
				185927DD275F2E270062C2F1 /* Debug */,
				185927DE275F2E270062C2F1 /* Release */,
			);
			defaultConfigurationIsVisible = 0;
			defaultConfigurationName = Release;
		};
		185927DF275F2E270062C2F1 /* Build configuration list for PBXNativeTarget "BountyList" */ = {
			isa = XCConfigurationList;
			buildConfigurations = (
				185927E0275F2E270062C2F1 /* Debug */,
				185927E1275F2E270062C2F1 /* Release */,
			);
			defaultConfigurationIsVisible = 0;
			defaultConfigurationName = Release;
		};
		185927E2275F2E270062C2F1 /* Build configuration list for PBXNativeTarget "BountyListTests" */ = {
			isa = XCConfigurationList;
			buildConfigurations = (
				185927E3275F2E270062C2F1 /* Debug */,
				185927E4275F2E270062C2F1 /* Release */,
			);
			defaultConfigurationIsVisible = 0;
			defaultConfigurationName = Release;
		};
		185927E5275F2E270062C2F1 /* Build configuration list for PBXNativeTarget "BountyListUITests" */ = {
			isa = XCConfigurationList;
			buildConfigurations = (
				185927E6275F2E270062C2F1 /* Debug */,
				185927E7275F2E270062C2F1 /* Release */,
			);
			defaultConfigurationIsVisible = 0;
			defaultConfigurationName = Release;
		};
/* End XCConfigurationList section */
	};
	rootObject = 185927AD275F2E260062C2F1 /* Project object */;
}
